// !$*UTF8*$!
{
	archiveVersion = 1;
	classes = {
	};
	objectVersion = 51;
	objects = {

/* Begin PBXBuildFile section */
		62E1728DBD1FDF0F5E5C6998 /* Pods_WolfFX.framework in Frameworks */ = {isa = PBXBuildFile; fileRef = F4DDAFBC92A8DE3EBEC85F92 /* Pods_WolfFX.framework */; };
		8103B17A242E90C5008D7D5B /* SettingsPresenter.swift in Sources */ = {isa = PBXBuildFile; fileRef = 8103B179242E90C5008D7D5B /* SettingsPresenter.swift */; };
		8103B17C242E90E4008D7D5B /* SettingsConfigurator.swift in Sources */ = {isa = PBXBuildFile; fileRef = 8103B17B242E90E4008D7D5B /* SettingsConfigurator.swift */; };
		8103B17E242E9109008D7D5B /* SettingsRouter.swift in Sources */ = {isa = PBXBuildFile; fileRef = 8103B17D242E9109008D7D5B /* SettingsRouter.swift */; };
		8103B181242EACD7008D7D5B /* ProfileDetailsViewController.swift in Sources */ = {isa = PBXBuildFile; fileRef = 8103B180242EACD7008D7D5B /* ProfileDetailsViewController.swift */; };
		8103B183242EB13A008D7D5B /* ProfileDetailsPresenter.swift in Sources */ = {isa = PBXBuildFile; fileRef = 8103B182242EB13A008D7D5B /* ProfileDetailsPresenter.swift */; };
		8103B185242EB161008D7D5B /* ProfileDetailsConfigurator.swift in Sources */ = {isa = PBXBuildFile; fileRef = 8103B184242EB161008D7D5B /* ProfileDetailsConfigurator.swift */; };
		8103B187242EB196008D7D5B /* ProfileDetailsRouter.swift in Sources */ = {isa = PBXBuildFile; fileRef = 8103B186242EB196008D7D5B /* ProfileDetailsRouter.swift */; };
		8103B18A242EC0AE008D7D5B /* BaseHeaderView.swift in Sources */ = {isa = PBXBuildFile; fileRef = 8103B189242EC0AE008D7D5B /* BaseHeaderView.swift */; };
		8103B18C242EC2EE008D7D5B /* Extensions.swift in Sources */ = {isa = PBXBuildFile; fileRef = 8103B18B242EC2EE008D7D5B /* Extensions.swift */; };
		8103B18E242EC3C7008D7D5B /* BaseHeaderView.xib in Resources */ = {isa = PBXBuildFile; fileRef = 8103B18D242EC3C7008D7D5B /* BaseHeaderView.xib */; };
		8103B1922430CC18008D7D5B /* SubmitButton.swift in Sources */ = {isa = PBXBuildFile; fileRef = 8103B1912430CC18008D7D5B /* SubmitButton.swift */; };
		81066A3C241FBA6700CA8829 /* WSManager.swift in Sources */ = {isa = PBXBuildFile; fileRef = 81066A3B241FBA6700CA8829 /* WSManager.swift */; };
		81066A3E2420BF3F00CA8829 /* Podfile in Resources */ = {isa = PBXBuildFile; fileRef = 81066A3D2420BF3F00CA8829 /* Podfile */; };
		810886A924A4E48700265862 /* OrderExecutorJSONAcception.swift in Sources */ = {isa = PBXBuildFile; fileRef = 810886A824A4E48700265862 /* OrderExecutorJSONAcception.swift */; };
		811614DB2539D7660094DC1F /* BalanceHistoryCell.swift in Sources */ = {isa = PBXBuildFile; fileRef = 811614DA2539D7660094DC1F /* BalanceHistoryCell.swift */; };
		811ED6C024191A120002F559 /* SignupPresenter.swift in Sources */ = {isa = PBXBuildFile; fileRef = 811ED6BF24191A120002F559 /* SignupPresenter.swift */; };
		811ED6C2241921880002F559 /* SignupConfigurator.swift in Sources */ = {isa = PBXBuildFile; fileRef = 811ED6C1241921880002F559 /* SignupConfigurator.swift */; };
		811ED6C4241926410002F559 /* SignupRouter.swift in Sources */ = {isa = PBXBuildFile; fileRef = 811ED6C3241926410002F559 /* SignupRouter.swift */; };
		811ED6C7241935530002F559 /* CheckboxButton.swift in Sources */ = {isa = PBXBuildFile; fileRef = 811ED6C6241935530002F559 /* CheckboxButton.swift */; };
		811ED6C9241971110002F559 /* Validation.swift in Sources */ = {isa = PBXBuildFile; fileRef = 811ED6C8241971110002F559 /* Validation.swift */; };
		81220408261F6C780062DD7E /* KeyboardHandler.swift in Sources */ = {isa = PBXBuildFile; fileRef = 81220407261F6C780062DD7E /* KeyboardHandler.swift */; };
		812F9385256BA9E8007E67BE /* Carousel.storyboard in Resources */ = {isa = PBXBuildFile; fileRef = 812F9384256BA9E8007E67BE /* Carousel.storyboard */; };
		812F9388256BAE54007E67BE /* CarouselMainController.swift in Sources */ = {isa = PBXBuildFile; fileRef = 812F9387256BAE54007E67BE /* CarouselMainController.swift */; };
		812F938E256BB239007E67BE /* FirstPageController.swift in Sources */ = {isa = PBXBuildFile; fileRef = 812F938D256BB239007E67BE /* FirstPageController.swift */; };
		812F9390256BB2C4007E67BE /* SecondPageController.swift in Sources */ = {isa = PBXBuildFile; fileRef = 812F938F256BB2C4007E67BE /* SecondPageController.swift */; };
		812F9392256BB2D4007E67BE /* ThirdPageController.swift in Sources */ = {isa = PBXBuildFile; fileRef = 812F9391256BB2D4007E67BE /* ThirdPageController.swift */; };
		812F9393256BB60E007E67BE /* CarouselConfigurator.swift in Sources */ = {isa = PBXBuildFile; fileRef = 812F938B256BB193007E67BE /* CarouselConfigurator.swift */; };
		812F9394256BBB9E007E67BE /* PageController.swift in Sources */ = {isa = PBXBuildFile; fileRef = 812F9389256BAFF2007E67BE /* PageController.swift */; };
		813C91B5257E2F7700149BE8 /* ResetPasswordController.swift in Sources */ = {isa = PBXBuildFile; fileRef = 813C91B4257E2F7700149BE8 /* ResetPasswordController.swift */; };
		813C91B7257E2FDB00149BE8 /* ResetPasswordPresenter.swift in Sources */ = {isa = PBXBuildFile; fileRef = 813C91B6257E2FDB00149BE8 /* ResetPasswordPresenter.swift */; };
		813C91B9257E2FEF00149BE8 /* ResetPasswordConfigurator.swift in Sources */ = {isa = PBXBuildFile; fileRef = 813C91B8257E2FEF00149BE8 /* ResetPasswordConfigurator.swift */; };
		813C91BB257E301900149BE8 /* ResetPasswordRouter.swift in Sources */ = {isa = PBXBuildFile; fileRef = 813C91BA257E301900149BE8 /* ResetPasswordRouter.swift */; };
		8145C4B02535D030003D8423 /* BalanceHistoryJsonAcception.swift in Sources */ = {isa = PBXBuildFile; fileRef = 8145C4AF2535D030003D8423 /* BalanceHistoryJsonAcception.swift */; };
		8145C4B22535D437003D8423 /* BalanceHistoryItem.swift in Sources */ = {isa = PBXBuildFile; fileRef = 8145C4B12535D437003D8423 /* BalanceHistoryItem.swift */; };
		8145C4B42535E520003D8423 /* BalanceHistoryItemViewModel.swift in Sources */ = {isa = PBXBuildFile; fileRef = 8145C4B32535E520003D8423 /* BalanceHistoryItemViewModel.swift */; };
		8145C8A32405DD5700414AE2 /* Protocols.swift in Sources */ = {isa = PBXBuildFile; fileRef = 8145C8A22405DD5700414AE2 /* Protocols.swift */; };
		8145C8A52405DD8300414AE2 /* Design.swift in Sources */ = {isa = PBXBuildFile; fileRef = 8145C8A42405DD8300414AE2 /* Design.swift */; };
		814D3131245C53B200C092EC /* Asset.swift in Sources */ = {isa = PBXBuildFile; fileRef = 814D3130245C53B200C092EC /* Asset.swift */; };
		814D3133245C563600C092EC /* AssetsJsonAcception.swift in Sources */ = {isa = PBXBuildFile; fileRef = 814D3132245C563600C092EC /* AssetsJsonAcception.swift */; };
		814D31352464414E00C092EC /* AssetsDataSource.swift in Sources */ = {isa = PBXBuildFile; fileRef = 814D31342464414E00C092EC /* AssetsDataSource.swift */; };
		814D3137246479D500C092EC /* AssetCell.swift in Sources */ = {isa = PBXBuildFile; fileRef = 814D3136246479D500C092EC /* AssetCell.swift */; };
		814F2ED024423A7700E0820C /* BillingDataPresenter.swift in Sources */ = {isa = PBXBuildFile; fileRef = 814F2ECF24423A7700E0820C /* BillingDataPresenter.swift */; };
		814F2ED224423A9000E0820C /* BillingDataConfigurator.swift in Sources */ = {isa = PBXBuildFile; fileRef = 814F2ED124423A9000E0820C /* BillingDataConfigurator.swift */; };
		814F2ED424423C1A00E0820C /* BillingDataRouter.swift in Sources */ = {isa = PBXBuildFile; fileRef = 814F2ED324423C1A00E0820C /* BillingDataRouter.swift */; };
		814F2ED624438C9300E0820C /* AccountData.swift in Sources */ = {isa = PBXBuildFile; fileRef = 814F2ED524438C9300E0820C /* AccountData.swift */; };
		815B66742466E1C000E4227A /* PriceHistoryJsonAcceptor.swift in Sources */ = {isa = PBXBuildFile; fileRef = 815B66732466E1C000E4227A /* PriceHistoryJsonAcceptor.swift */; };
		815E533924B9F668005BFD5B /* LegalInfoCell.swift in Sources */ = {isa = PBXBuildFile; fileRef = 815E533824B9F668005BFD5B /* LegalInfoCell.swift */; };
		815FD04B244F230B00EE7083 /* ExchangeRateJsonAcception.swift in Sources */ = {isa = PBXBuildFile; fileRef = 815FD04A244F230B00EE7083 /* ExchangeRateJsonAcception.swift */; };
		815FD04D244F76DB00EE7083 /* ExchangeRate.swift in Sources */ = {isa = PBXBuildFile; fileRef = 815FD04C244F76DB00EE7083 /* ExchangeRate.swift */; };
		8160E7A5248C22B10019B2F4 /* LanguageCell.swift in Sources */ = {isa = PBXBuildFile; fileRef = 8160E7A4248C22B10019B2F4 /* LanguageCell.swift */; };
		8160E7A7248DF0490019B2F4 /* Language.swift in Sources */ = {isa = PBXBuildFile; fileRef = 8160E7A6248DF0490019B2F4 /* Language.swift */; };
		816B47A92559FBA3002C9CBB /* OrdersJsonAcception.swift in Sources */ = {isa = PBXBuildFile; fileRef = 816B47A82559FBA3002C9CBB /* OrdersJsonAcception.swift */; };
		816B47AB255A000A002C9CBB /* Order.swift in Sources */ = {isa = PBXBuildFile; fileRef = 816B47AA255A000A002C9CBB /* Order.swift */; };
		816C17CB24050A0F00B1551A /* AppDelegate.swift in Sources */ = {isa = PBXBuildFile; fileRef = 816C17CA24050A0F00B1551A /* AppDelegate.swift */; };
		816C17CD24050A0F00B1551A /* SceneDelegate.swift in Sources */ = {isa = PBXBuildFile; fileRef = 816C17CC24050A0F00B1551A /* SceneDelegate.swift */; };
		816C17CF24050A0F00B1551A /* ContentView.swift in Sources */ = {isa = PBXBuildFile; fileRef = 816C17CE24050A0F00B1551A /* ContentView.swift */; };
		816C17D124050A1100B1551A /* Assets.xcassets in Resources */ = {isa = PBXBuildFile; fileRef = 816C17D024050A1100B1551A /* Assets.xcassets */; };
		816C17D424050A1100B1551A /* Preview Assets.xcassets in Resources */ = {isa = PBXBuildFile; fileRef = 816C17D324050A1100B1551A /* Preview Assets.xcassets */; };
		816C17D724050A1100B1551A /* LaunchScreen.storyboard in Resources */ = {isa = PBXBuildFile; fileRef = 816C17D524050A1100B1551A /* LaunchScreen.storyboard */; };
		816C17E224050A1100B1551A /* WolfFXTests.swift in Sources */ = {isa = PBXBuildFile; fileRef = 816C17E124050A1100B1551A /* WolfFXTests.swift */; };
		816C17ED24050A1100B1551A /* WolfFXUITests.swift in Sources */ = {isa = PBXBuildFile; fileRef = 816C17EC24050A1100B1551A /* WolfFXUITests.swift */; };
		816C17FD24050ACD00B1551A /* TabbarView.swift in Sources */ = {isa = PBXBuildFile; fileRef = 816C17FC24050ACD00B1551A /* TabbarView.swift */; };
		816C17FF24050AE900B1551A /* TabbarConfigurator.swift in Sources */ = {isa = PBXBuildFile; fileRef = 816C17FE24050AE900B1551A /* TabbarConfigurator.swift */; };
		816C180324055D0D00B1551A /* Home.storyboard in Resources */ = {isa = PBXBuildFile; fileRef = 816C180224055D0D00B1551A /* Home.storyboard */; };
		816C180524055D2900B1551A /* Billing Data.storyboard in Resources */ = {isa = PBXBuildFile; fileRef = 816C180424055D2900B1551A /* Billing Data.storyboard */; };
		816C180724055D4900B1551A /* Wallet.storyboard in Resources */ = {isa = PBXBuildFile; fileRef = 816C180624055D4900B1551A /* Wallet.storyboard */; };
		816C180924055D6F00B1551A /* Settings.storyboard in Resources */ = {isa = PBXBuildFile; fileRef = 816C180824055D6F00B1551A /* Settings.storyboard */; };
		816C180C24055D9D00B1551A /* HomeViewController.swift in Sources */ = {isa = PBXBuildFile; fileRef = 816C180B24055D9D00B1551A /* HomeViewController.swift */; };
		816C180F24055F6C00B1551A /* BillingDataViewController.swift in Sources */ = {isa = PBXBuildFile; fileRef = 816C180E24055F6C00B1551A /* BillingDataViewController.swift */; };
		816C1812240560AD00B1551A /* WalletViewController.swift in Sources */ = {isa = PBXBuildFile; fileRef = 816C1811240560AD00B1551A /* WalletViewController.swift */; };
		816C18152405623A00B1551A /* SettingsViewController.swift in Sources */ = {isa = PBXBuildFile; fileRef = 816C18142405623A00B1551A /* SettingsViewController.swift */; };
		816C181824056BAE00B1551A /* R.generated.swift in Sources */ = {isa = PBXBuildFile; fileRef = 816C181724056BAD00B1551A /* R.generated.swift */; };
		816F67EA240857F50016AA95 /* LoginViewController.swift in Sources */ = {isa = PBXBuildFile; fileRef = 816F67E9240857F50016AA95 /* LoginViewController.swift */; };
		816F67ED2408585A0016AA95 /* Login.storyboard in Resources */ = {isa = PBXBuildFile; fileRef = 816F67EC2408585A0016AA95 /* Login.storyboard */; };
		817097B12550547800CA3CAB /* ChartXaxisFormatter.swift in Sources */ = {isa = PBXBuildFile; fileRef = 817097B02550547800CA3CAB /* ChartXaxisFormatter.swift */; };
		817324C7243674EB000DFB86 /* DataReceiver.swift in Sources */ = {isa = PBXBuildFile; fileRef = 817324C6243674EB000DFB86 /* DataReceiver.swift */; };
		817324C92437CC4B000DFB86 /* Converter.swift in Sources */ = {isa = PBXBuildFile; fileRef = 817324C82437CC4B000DFB86 /* Converter.swift */; };
		817324CB2437CFE4000DFB86 /* Currency.swift in Sources */ = {isa = PBXBuildFile; fileRef = 817324CA2437CFE4000DFB86 /* Currency.swift */; };
		817E5D29243B73FE0088E60A /* UserJsonAcception.swift in Sources */ = {isa = PBXBuildFile; fileRef = 817E5D28243B73FE0088E60A /* UserJsonAcception.swift */; };
		817E5D2C243B74EA0088E60A /* BalanceJsonAcception.swift in Sources */ = {isa = PBXBuildFile; fileRef = 817E5D2B243B74EA0088E60A /* BalanceJsonAcception.swift */; };
		8184269E240D534200713BF5 /* LoginPresenter.swift in Sources */ = {isa = PBXBuildFile; fileRef = 8184269D240D534200713BF5 /* LoginPresenter.swift */; };
		81992CFC24E7E89600D1229F /* Snapshot.swift in Sources */ = {isa = PBXBuildFile; fileRef = 81992CFB24E7E89600D1229F /* Snapshot.swift */; };
		819B8074256D58DF00DCADD0 /* FourthPageController.swift in Sources */ = {isa = PBXBuildFile; fileRef = 819B8073256D58DF00DCADD0 /* FourthPageController.swift */; };
		81A4B35024105D98004A02CB /* SignupViewController.swift in Sources */ = {isa = PBXBuildFile; fileRef = 81A4B34F24105D98004A02CB /* SignupViewController.swift */; };
		81A4B352241129DB004A02CB /* Assembler.swift in Sources */ = {isa = PBXBuildFile; fileRef = 81A4B351241129DB004A02CB /* Assembler.swift */; };
		81A4B354241129FC004A02CB /* Repository.swift in Sources */ = {isa = PBXBuildFile; fileRef = 81A4B353241129FC004A02CB /* Repository.swift */; };
		81A4B3562413A3CF004A02CB /* LoginConfigurator.swift in Sources */ = {isa = PBXBuildFile; fileRef = 81A4B3552413A3CF004A02CB /* LoginConfigurator.swift */; };
		81A4B35A2413A4BC004A02CB /* LoginRouter.swift in Sources */ = {isa = PBXBuildFile; fileRef = 81A4B3592413A4BC004A02CB /* LoginRouter.swift */; };
		81A4B35C2413A527004A02CB /* BaseRouter.swift in Sources */ = {isa = PBXBuildFile; fileRef = 81A4B35B2413A527004A02CB /* BaseRouter.swift */; };
		81A4B35E2413ADDC004A02CB /* HomePresenter.swift in Sources */ = {isa = PBXBuildFile; fileRef = 81A4B35D2413ADDC004A02CB /* HomePresenter.swift */; };
		81A4B3602413BCA5004A02CB /* HomeRouter.swift in Sources */ = {isa = PBXBuildFile; fileRef = 81A4B35F2413BCA5004A02CB /* HomeRouter.swift */; };
		81A4B3622413BCC5004A02CB /* HomeConfigurator.swift in Sources */ = {isa = PBXBuildFile; fileRef = 81A4B3612413BCC5004A02CB /* HomeConfigurator.swift */; };
		81AB9E9C2438B1FE00C44C02 /* BaseHeaderViewPresenter.swift in Sources */ = {isa = PBXBuildFile; fileRef = 81AB9E9B2438B1FE00C44C02 /* BaseHeaderViewPresenter.swift */; };
		81AF5B2A246C2EB10058FC03 /* WebsocketJsonCreator.swift in Sources */ = {isa = PBXBuildFile; fileRef = 81AF5B29246C2EB10058FC03 /* WebsocketJsonCreator.swift */; };
		81AF5B2C246C35D00058FC03 /* Range.swift in Sources */ = {isa = PBXBuildFile; fileRef = 81AF5B2B246C35D00058FC03 /* Range.swift */; };
		81AF5B2E246C60070058FC03 /* RangeJsonAcception.swift in Sources */ = {isa = PBXBuildFile; fileRef = 81AF5B2D246C60070058FC03 /* RangeJsonAcception.swift */; };
		81B7288824926B3200153610 /* Localizable.strings in Resources */ = {isa = PBXBuildFile; fileRef = 81B7288A24926B3200153610 /* Localizable.strings */; };
		81BA2A462465D72000C13F64 /* AssetPrice.swift in Sources */ = {isa = PBXBuildFile; fileRef = 81BA2A452465D72000C13F64 /* AssetPrice.swift */; };
		81BA2A482465D92E00C13F64 /* AssetPriceJsonAcception.swift in Sources */ = {isa = PBXBuildFile; fileRef = 81BA2A472465D92E00C13F64 /* AssetPriceJsonAcception.swift */; };
		81BC20322476C812000BC42B /* PickerEntry.swift in Sources */ = {isa = PBXBuildFile; fileRef = 81BC20312476C811000BC42B /* PickerEntry.swift */; };
		81C28ADC256E4F1A0050E2DA /* FifthPageController.swift in Sources */ = {isa = PBXBuildFile; fileRef = 81C28ADB256E4F1A0050E2DA /* FifthPageController.swift */; };
		81C28ADE256E5E310050E2DA /* SixthPageController.swift in Sources */ = {isa = PBXBuildFile; fileRef = 81C28ADD256E5E310050E2DA /* SixthPageController.swift */; };
		81C28AE0256EACB10050E2DA /* SeventhPageController.swift in Sources */ = {isa = PBXBuildFile; fileRef = 81C28ADF256EACB10050E2DA /* SeventhPageController.swift */; };
		81D882582409D4F30030C78B /* Network.swift in Sources */ = {isa = PBXBuildFile; fileRef = 81D882572409D4F30030C78B /* Network.swift */; };
		81D8825A2409D6AA0030C78B /* Endpoints.swift in Sources */ = {isa = PBXBuildFile; fileRef = 81D882592409D6AA0030C78B /* Endpoints.swift */; };
		81D8825D2409D8880030C78B /* User.swift in Sources */ = {isa = PBXBuildFile; fileRef = 81D8825C2409D8880030C78B /* User.swift */; };
		81D8825F2409D9070030C78B /* WolfError.swift in Sources */ = {isa = PBXBuildFile; fileRef = 81D8825E2409D9070030C78B /* WolfError.swift */; };
		81D90BAA244B3A320074E2A3 /* WalletPresenter.swift in Sources */ = {isa = PBXBuildFile; fileRef = 81D90BA9244B3A320074E2A3 /* WalletPresenter.swift */; };
		81D90BAC244B3A7C0074E2A3 /* WalletRouter.swift in Sources */ = {isa = PBXBuildFile; fileRef = 81D90BAB244B3A7C0074E2A3 /* WalletRouter.swift */; };
		81D90BAE244B3A860074E2A3 /* WalletConfigurator.swift in Sources */ = {isa = PBXBuildFile; fileRef = 81D90BAD244B3A860074E2A3 /* WalletConfigurator.swift */; };
		81E97D342566BAA6009BA8EE /* SnapshotView.swift in Sources */ = {isa = PBXBuildFile; fileRef = 81E97D332566BAA6009BA8EE /* SnapshotView.swift */; };
		81F97D6A254865DD009936BC /* BalanceHistoryFooterView.xib in Resources */ = {isa = PBXBuildFile; fileRef = 81F97D69254865DC009936BC /* BalanceHistoryFooterView.xib */; };
		81F97D6C254865FA009936BC /* BalanceHistoryFooterView.swift in Sources */ = {isa = PBXBuildFile; fileRef = 81F97D6B254865FA009936BC /* BalanceHistoryFooterView.swift */; };
		81FAA37F24B3AE59006B9140 /* TradeStatus.swift in Sources */ = {isa = PBXBuildFile; fileRef = 81FAA37E24B3AE59006B9140 /* TradeStatus.swift */; };
		81FAA38124B4647C006B9140 /* LegalInformation.swift in Sources */ = {isa = PBXBuildFile; fileRef = 81FAA38024B4647C006B9140 /* LegalInformation.swift */; };
		81FD5DFA2571490800FF7A4A /* OrderBonus.swift in Sources */ = {isa = PBXBuildFile; fileRef = 81FD5DF92571490800FF7A4A /* OrderBonus.swift */; };
		EE1C659B0C94D7015423A68C /* Pods_WolfFXTests.framework in Frameworks */ = {isa = PBXBuildFile; fileRef = 1A5C99F36564DA7BA05FD685 /* Pods_WolfFXTests.framework */; };
		F7A9E9C1FC3FC31A410DBD4F /* Pods_WolfFXUITests.framework in Frameworks */ = {isa = PBXBuildFile; fileRef = 55B49A895A9ABBD490771AC7 /* Pods_WolfFXUITests.framework */; };
/* End PBXBuildFile section */

/* Begin PBXContainerItemProxy section */
		816C17DE24050A1100B1551A /* PBXContainerItemProxy */ = {
			isa = PBXContainerItemProxy;
			containerPortal = 816C17BF24050A0F00B1551A /* Project object */;
			proxyType = 1;
			remoteGlobalIDString = 816C17C624050A0F00B1551A;
			remoteInfo = WolfFX;
		};
		816C17E924050A1100B1551A /* PBXContainerItemProxy */ = {
			isa = PBXContainerItemProxy;
			containerPortal = 816C17BF24050A0F00B1551A /* Project object */;
			proxyType = 1;
			remoteGlobalIDString = 816C17C624050A0F00B1551A;
			remoteInfo = WolfFX;
		};
/* End PBXContainerItemProxy section */

/* Begin PBXFileReference section */
		1A5C99F36564DA7BA05FD685 /* Pods_WolfFXTests.framework */ = {isa = PBXFileReference; explicitFileType = wrapper.framework; includeInIndex = 0; path = Pods_WolfFXTests.framework; sourceTree = BUILT_PRODUCTS_DIR; };
		3ACB8CB61A332577F58487E0 /* Pods-WolfFX.debug.xcconfig */ = {isa = PBXFileReference; includeInIndex = 1; lastKnownFileType = text.xcconfig; name = "Pods-WolfFX.debug.xcconfig"; path = "Target Support Files/Pods-WolfFX/Pods-WolfFX.debug.xcconfig"; sourceTree = "<group>"; };
		41D97FDD5FE16F1EE497F444 /* Pods-WolfFXUITests.debug.xcconfig */ = {isa = PBXFileReference; includeInIndex = 1; lastKnownFileType = text.xcconfig; name = "Pods-WolfFXUITests.debug.xcconfig"; path = "Target Support Files/Pods-WolfFXUITests/Pods-WolfFXUITests.debug.xcconfig"; sourceTree = "<group>"; };
		45270D39D6F5BF4446F2567D /* Pods-WolfFXTests.release.xcconfig */ = {isa = PBXFileReference; includeInIndex = 1; lastKnownFileType = text.xcconfig; name = "Pods-WolfFXTests.release.xcconfig"; path = "Target Support Files/Pods-WolfFXTests/Pods-WolfFXTests.release.xcconfig"; sourceTree = "<group>"; };
		55B49A895A9ABBD490771AC7 /* Pods_WolfFXUITests.framework */ = {isa = PBXFileReference; explicitFileType = wrapper.framework; includeInIndex = 0; path = Pods_WolfFXUITests.framework; sourceTree = BUILT_PRODUCTS_DIR; };
		6CC906AF2777012B78946D39 /* Pods-WolfFXTests.debug.xcconfig */ = {isa = PBXFileReference; includeInIndex = 1; lastKnownFileType = text.xcconfig; name = "Pods-WolfFXTests.debug.xcconfig"; path = "Target Support Files/Pods-WolfFXTests/Pods-WolfFXTests.debug.xcconfig"; sourceTree = "<group>"; };
		8103B179242E90C5008D7D5B /* SettingsPresenter.swift */ = {isa = PBXFileReference; lastKnownFileType = sourcecode.swift; path = SettingsPresenter.swift; sourceTree = "<group>"; };
		8103B17B242E90E4008D7D5B /* SettingsConfigurator.swift */ = {isa = PBXFileReference; lastKnownFileType = sourcecode.swift; path = SettingsConfigurator.swift; sourceTree = "<group>"; };
		8103B17D242E9109008D7D5B /* SettingsRouter.swift */ = {isa = PBXFileReference; lastKnownFileType = sourcecode.swift; path = SettingsRouter.swift; sourceTree = "<group>"; };
		8103B180242EACD7008D7D5B /* ProfileDetailsViewController.swift */ = {isa = PBXFileReference; lastKnownFileType = sourcecode.swift; path = ProfileDetailsViewController.swift; sourceTree = "<group>"; };
		8103B182242EB13A008D7D5B /* ProfileDetailsPresenter.swift */ = {isa = PBXFileReference; lastKnownFileType = sourcecode.swift; path = ProfileDetailsPresenter.swift; sourceTree = "<group>"; };
		8103B184242EB161008D7D5B /* ProfileDetailsConfigurator.swift */ = {isa = PBXFileReference; lastKnownFileType = sourcecode.swift; path = ProfileDetailsConfigurator.swift; sourceTree = "<group>"; };
		8103B186242EB196008D7D5B /* ProfileDetailsRouter.swift */ = {isa = PBXFileReference; lastKnownFileType = sourcecode.swift; path = ProfileDetailsRouter.swift; sourceTree = "<group>"; };
		8103B189242EC0AE008D7D5B /* BaseHeaderView.swift */ = {isa = PBXFileReference; lastKnownFileType = sourcecode.swift; path = BaseHeaderView.swift; sourceTree = "<group>"; };
		8103B18B242EC2EE008D7D5B /* Extensions.swift */ = {isa = PBXFileReference; lastKnownFileType = sourcecode.swift; path = Extensions.swift; sourceTree = "<group>"; };
		8103B18D242EC3C7008D7D5B /* BaseHeaderView.xib */ = {isa = PBXFileReference; lastKnownFileType = file.xib; path = BaseHeaderView.xib; sourceTree = "<group>"; };
		8103B1912430CC18008D7D5B /* SubmitButton.swift */ = {isa = PBXFileReference; lastKnownFileType = sourcecode.swift; path = SubmitButton.swift; sourceTree = "<group>"; };
		81066A3B241FBA6700CA8829 /* WSManager.swift */ = {isa = PBXFileReference; lastKnownFileType = sourcecode.swift; path = WSManager.swift; sourceTree = "<group>"; };
		81066A3D2420BF3F00CA8829 /* Podfile */ = {isa = PBXFileReference; fileEncoding = 4; lastKnownFileType = text; path = Podfile; sourceTree = "<group>"; xcLanguageSpecificationIdentifier = xcode.lang.ruby; };
		810886A824A4E48700265862 /* OrderExecutorJSONAcception.swift */ = {isa = PBXFileReference; lastKnownFileType = sourcecode.swift; path = OrderExecutorJSONAcception.swift; sourceTree = "<group>"; };
		811614DA2539D7660094DC1F /* BalanceHistoryCell.swift */ = {isa = PBXFileReference; lastKnownFileType = sourcecode.swift; path = BalanceHistoryCell.swift; sourceTree = "<group>"; };
		811E060A07A0606C5423FA73 /* Pods-WolfFX.release.xcconfig */ = {isa = PBXFileReference; includeInIndex = 1; lastKnownFileType = text.xcconfig; name = "Pods-WolfFX.release.xcconfig"; path = "Target Support Files/Pods-WolfFX/Pods-WolfFX.release.xcconfig"; sourceTree = "<group>"; };
		811ED6BF24191A120002F559 /* SignupPresenter.swift */ = {isa = PBXFileReference; lastKnownFileType = sourcecode.swift; path = SignupPresenter.swift; sourceTree = "<group>"; };
		811ED6C1241921880002F559 /* SignupConfigurator.swift */ = {isa = PBXFileReference; lastKnownFileType = sourcecode.swift; path = SignupConfigurator.swift; sourceTree = "<group>"; };
		811ED6C3241926410002F559 /* SignupRouter.swift */ = {isa = PBXFileReference; lastKnownFileType = sourcecode.swift; path = SignupRouter.swift; sourceTree = "<group>"; };
		811ED6C6241935530002F559 /* CheckboxButton.swift */ = {isa = PBXFileReference; lastKnownFileType = sourcecode.swift; path = CheckboxButton.swift; sourceTree = "<group>"; };
		811ED6C8241971110002F559 /* Validation.swift */ = {isa = PBXFileReference; lastKnownFileType = sourcecode.swift; path = Validation.swift; sourceTree = "<group>"; };
		81220407261F6C780062DD7E /* KeyboardHandler.swift */ = {isa = PBXFileReference; lastKnownFileType = sourcecode.swift; path = KeyboardHandler.swift; sourceTree = "<group>"; };
		812F9384256BA9E8007E67BE /* Carousel.storyboard */ = {isa = PBXFileReference; lastKnownFileType = file.storyboard; path = Carousel.storyboard; sourceTree = "<group>"; };
		812F9387256BAE54007E67BE /* CarouselMainController.swift */ = {isa = PBXFileReference; lastKnownFileType = sourcecode.swift; path = CarouselMainController.swift; sourceTree = "<group>"; };
		812F9389256BAFF2007E67BE /* PageController.swift */ = {isa = PBXFileReference; lastKnownFileType = sourcecode.swift; path = PageController.swift; sourceTree = "<group>"; };
		812F938B256BB193007E67BE /* CarouselConfigurator.swift */ = {isa = PBXFileReference; lastKnownFileType = sourcecode.swift; path = CarouselConfigurator.swift; sourceTree = "<group>"; };
		812F938D256BB239007E67BE /* FirstPageController.swift */ = {isa = PBXFileReference; lastKnownFileType = sourcecode.swift; path = FirstPageController.swift; sourceTree = "<group>"; };
		812F938F256BB2C4007E67BE /* SecondPageController.swift */ = {isa = PBXFileReference; lastKnownFileType = sourcecode.swift; path = SecondPageController.swift; sourceTree = "<group>"; };
		812F9391256BB2D4007E67BE /* ThirdPageController.swift */ = {isa = PBXFileReference; lastKnownFileType = sourcecode.swift; path = ThirdPageController.swift; sourceTree = "<group>"; };
		813C91B4257E2F7700149BE8 /* ResetPasswordController.swift */ = {isa = PBXFileReference; lastKnownFileType = sourcecode.swift; path = ResetPasswordController.swift; sourceTree = "<group>"; };
		813C91B6257E2FDB00149BE8 /* ResetPasswordPresenter.swift */ = {isa = PBXFileReference; lastKnownFileType = sourcecode.swift; path = ResetPasswordPresenter.swift; sourceTree = "<group>"; };
		813C91B8257E2FEF00149BE8 /* ResetPasswordConfigurator.swift */ = {isa = PBXFileReference; lastKnownFileType = sourcecode.swift; path = ResetPasswordConfigurator.swift; sourceTree = "<group>"; };
		813C91BA257E301900149BE8 /* ResetPasswordRouter.swift */ = {isa = PBXFileReference; lastKnownFileType = sourcecode.swift; path = ResetPasswordRouter.swift; sourceTree = "<group>"; };
		8145C4AF2535D030003D8423 /* BalanceHistoryJsonAcception.swift */ = {isa = PBXFileReference; lastKnownFileType = sourcecode.swift; path = BalanceHistoryJsonAcception.swift; sourceTree = "<group>"; };
		8145C4B12535D437003D8423 /* BalanceHistoryItem.swift */ = {isa = PBXFileReference; lastKnownFileType = sourcecode.swift; path = BalanceHistoryItem.swift; sourceTree = "<group>"; };
		8145C4B32535E520003D8423 /* BalanceHistoryItemViewModel.swift */ = {isa = PBXFileReference; lastKnownFileType = sourcecode.swift; path = BalanceHistoryItemViewModel.swift; sourceTree = "<group>"; };
		8145C8A22405DD5700414AE2 /* Protocols.swift */ = {isa = PBXFileReference; lastKnownFileType = sourcecode.swift; path = Protocols.swift; sourceTree = "<group>"; };
		8145C8A42405DD8300414AE2 /* Design.swift */ = {isa = PBXFileReference; lastKnownFileType = sourcecode.swift; path = Design.swift; sourceTree = "<group>"; };
		814D3130245C53B200C092EC /* Asset.swift */ = {isa = PBXFileReference; lastKnownFileType = sourcecode.swift; path = Asset.swift; sourceTree = "<group>"; };
		814D3132245C563600C092EC /* AssetsJsonAcception.swift */ = {isa = PBXFileReference; lastKnownFileType = sourcecode.swift; path = AssetsJsonAcception.swift; sourceTree = "<group>"; };
		814D31342464414E00C092EC /* AssetsDataSource.swift */ = {isa = PBXFileReference; lastKnownFileType = sourcecode.swift; path = AssetsDataSource.swift; sourceTree = "<group>"; };
		814D3136246479D500C092EC /* AssetCell.swift */ = {isa = PBXFileReference; lastKnownFileType = sourcecode.swift; path = AssetCell.swift; sourceTree = "<group>"; };
		814F2ECF24423A7700E0820C /* BillingDataPresenter.swift */ = {isa = PBXFileReference; lastKnownFileType = sourcecode.swift; path = BillingDataPresenter.swift; sourceTree = "<group>"; };
		814F2ED124423A9000E0820C /* BillingDataConfigurator.swift */ = {isa = PBXFileReference; lastKnownFileType = sourcecode.swift; path = BillingDataConfigurator.swift; sourceTree = "<group>"; };
		814F2ED324423C1A00E0820C /* BillingDataRouter.swift */ = {isa = PBXFileReference; lastKnownFileType = sourcecode.swift; path = BillingDataRouter.swift; sourceTree = "<group>"; };
		814F2ED524438C9300E0820C /* AccountData.swift */ = {isa = PBXFileReference; lastKnownFileType = sourcecode.swift; path = AccountData.swift; sourceTree = "<group>"; };
		815B66732466E1C000E4227A /* PriceHistoryJsonAcceptor.swift */ = {isa = PBXFileReference; lastKnownFileType = sourcecode.swift; path = PriceHistoryJsonAcceptor.swift; sourceTree = "<group>"; };
		815E533824B9F668005BFD5B /* LegalInfoCell.swift */ = {isa = PBXFileReference; lastKnownFileType = sourcecode.swift; path = LegalInfoCell.swift; sourceTree = "<group>"; };
		815FD04A244F230B00EE7083 /* ExchangeRateJsonAcception.swift */ = {isa = PBXFileReference; lastKnownFileType = sourcecode.swift; path = ExchangeRateJsonAcception.swift; sourceTree = "<group>"; };
		815FD04C244F76DB00EE7083 /* ExchangeRate.swift */ = {isa = PBXFileReference; lastKnownFileType = sourcecode.swift; path = ExchangeRate.swift; sourceTree = "<group>"; };
		8160E7A4248C22B10019B2F4 /* LanguageCell.swift */ = {isa = PBXFileReference; lastKnownFileType = sourcecode.swift; path = LanguageCell.swift; sourceTree = "<group>"; };
		8160E7A6248DF0490019B2F4 /* Language.swift */ = {isa = PBXFileReference; lastKnownFileType = sourcecode.swift; path = Language.swift; sourceTree = "<group>"; };
		816B47A82559FBA3002C9CBB /* OrdersJsonAcception.swift */ = {isa = PBXFileReference; lastKnownFileType = sourcecode.swift; path = OrdersJsonAcception.swift; sourceTree = "<group>"; };
		816B47AA255A000A002C9CBB /* Order.swift */ = {isa = PBXFileReference; lastKnownFileType = sourcecode.swift; path = Order.swift; sourceTree = "<group>"; };
		816C17C724050A0F00B1551A /* WolfFX.app */ = {isa = PBXFileReference; explicitFileType = wrapper.application; includeInIndex = 0; path = WolfFX.app; sourceTree = BUILT_PRODUCTS_DIR; };
		816C17CA24050A0F00B1551A /* AppDelegate.swift */ = {isa = PBXFileReference; lastKnownFileType = sourcecode.swift; path = AppDelegate.swift; sourceTree = "<group>"; };
		816C17CC24050A0F00B1551A /* SceneDelegate.swift */ = {isa = PBXFileReference; lastKnownFileType = sourcecode.swift; path = SceneDelegate.swift; sourceTree = "<group>"; };
		816C17CE24050A0F00B1551A /* ContentView.swift */ = {isa = PBXFileReference; lastKnownFileType = sourcecode.swift; path = ContentView.swift; sourceTree = "<group>"; };
		816C17D024050A1100B1551A /* Assets.xcassets */ = {isa = PBXFileReference; lastKnownFileType = folder.assetcatalog; path = Assets.xcassets; sourceTree = "<group>"; };
		816C17D324050A1100B1551A /* Preview Assets.xcassets */ = {isa = PBXFileReference; lastKnownFileType = folder.assetcatalog; path = "Preview Assets.xcassets"; sourceTree = "<group>"; };
		816C17D624050A1100B1551A /* Base */ = {isa = PBXFileReference; lastKnownFileType = file.storyboard; name = Base; path = Base.lproj/LaunchScreen.storyboard; sourceTree = "<group>"; };
		816C17D824050A1100B1551A /* Info.plist */ = {isa = PBXFileReference; lastKnownFileType = text.plist.xml; path = Info.plist; sourceTree = "<group>"; };
		816C17DD24050A1100B1551A /* WolfFXTests.xctest */ = {isa = PBXFileReference; explicitFileType = wrapper.cfbundle; includeInIndex = 0; path = WolfFXTests.xctest; sourceTree = BUILT_PRODUCTS_DIR; };
		816C17E124050A1100B1551A /* WolfFXTests.swift */ = {isa = PBXFileReference; lastKnownFileType = sourcecode.swift; path = WolfFXTests.swift; sourceTree = "<group>"; };
		816C17E324050A1100B1551A /* Info.plist */ = {isa = PBXFileReference; lastKnownFileType = text.plist.xml; path = Info.plist; sourceTree = "<group>"; };
		816C17E824050A1100B1551A /* WolfFXUITests.xctest */ = {isa = PBXFileReference; explicitFileType = wrapper.cfbundle; includeInIndex = 0; path = WolfFXUITests.xctest; sourceTree = BUILT_PRODUCTS_DIR; };
		816C17EC24050A1100B1551A /* WolfFXUITests.swift */ = {isa = PBXFileReference; lastKnownFileType = sourcecode.swift; path = WolfFXUITests.swift; sourceTree = "<group>"; };
		816C17EE24050A1100B1551A /* Info.plist */ = {isa = PBXFileReference; lastKnownFileType = text.plist.xml; path = Info.plist; sourceTree = "<group>"; };
		816C17FC24050ACD00B1551A /* TabbarView.swift */ = {isa = PBXFileReference; lastKnownFileType = sourcecode.swift; path = TabbarView.swift; sourceTree = "<group>"; };
		816C17FE24050AE900B1551A /* TabbarConfigurator.swift */ = {isa = PBXFileReference; lastKnownFileType = sourcecode.swift; path = TabbarConfigurator.swift; sourceTree = "<group>"; };
		816C180224055D0D00B1551A /* Home.storyboard */ = {isa = PBXFileReference; lastKnownFileType = file.storyboard; path = Home.storyboard; sourceTree = "<group>"; };
		816C180424055D2900B1551A /* Billing Data.storyboard */ = {isa = PBXFileReference; lastKnownFileType = file.storyboard; path = "Billing Data.storyboard"; sourceTree = "<group>"; };
		816C180624055D4900B1551A /* Wallet.storyboard */ = {isa = PBXFileReference; lastKnownFileType = file.storyboard; path = Wallet.storyboard; sourceTree = "<group>"; };
		816C180824055D6F00B1551A /* Settings.storyboard */ = {isa = PBXFileReference; lastKnownFileType = file.storyboard; path = Settings.storyboard; sourceTree = "<group>"; };
		816C180B24055D9D00B1551A /* HomeViewController.swift */ = {isa = PBXFileReference; lastKnownFileType = sourcecode.swift; path = HomeViewController.swift; sourceTree = "<group>"; };
		816C180E24055F6C00B1551A /* BillingDataViewController.swift */ = {isa = PBXFileReference; lastKnownFileType = sourcecode.swift; path = BillingDataViewController.swift; sourceTree = "<group>"; };
		816C1811240560AD00B1551A /* WalletViewController.swift */ = {isa = PBXFileReference; lastKnownFileType = sourcecode.swift; path = WalletViewController.swift; sourceTree = "<group>"; };
		816C18142405623A00B1551A /* SettingsViewController.swift */ = {isa = PBXFileReference; lastKnownFileType = sourcecode.swift; path = SettingsViewController.swift; sourceTree = "<group>"; };
		816C181724056BAD00B1551A /* R.generated.swift */ = {isa = PBXFileReference; fileEncoding = 4; lastKnownFileType = sourcecode.swift; name = R.generated.swift; path = WolfFX/R.generated.swift; sourceTree = "<group>"; };
		816F67E9240857F50016AA95 /* LoginViewController.swift */ = {isa = PBXFileReference; lastKnownFileType = sourcecode.swift; path = LoginViewController.swift; sourceTree = "<group>"; };
		816F67EC2408585A0016AA95 /* Login.storyboard */ = {isa = PBXFileReference; lastKnownFileType = file.storyboard; path = Login.storyboard; sourceTree = "<group>"; };
		817097B02550547800CA3CAB /* ChartXaxisFormatter.swift */ = {isa = PBXFileReference; lastKnownFileType = sourcecode.swift; path = ChartXaxisFormatter.swift; sourceTree = "<group>"; };
		817324C6243674EB000DFB86 /* DataReceiver.swift */ = {isa = PBXFileReference; lastKnownFileType = sourcecode.swift; path = DataReceiver.swift; sourceTree = "<group>"; };
		817324C82437CC4B000DFB86 /* Converter.swift */ = {isa = PBXFileReference; lastKnownFileType = sourcecode.swift; path = Converter.swift; sourceTree = "<group>"; };
		817324CA2437CFE4000DFB86 /* Currency.swift */ = {isa = PBXFileReference; lastKnownFileType = sourcecode.swift; path = Currency.swift; sourceTree = "<group>"; };
		817E5D28243B73FE0088E60A /* UserJsonAcception.swift */ = {isa = PBXFileReference; lastKnownFileType = sourcecode.swift; path = UserJsonAcception.swift; sourceTree = "<group>"; };
		817E5D2B243B74EA0088E60A /* BalanceJsonAcception.swift */ = {isa = PBXFileReference; lastKnownFileType = sourcecode.swift; path = BalanceJsonAcception.swift; sourceTree = "<group>"; };
		8184269D240D534200713BF5 /* LoginPresenter.swift */ = {isa = PBXFileReference; lastKnownFileType = sourcecode.swift; path = LoginPresenter.swift; sourceTree = "<group>"; };
		81992CFB24E7E89600D1229F /* Snapshot.swift */ = {isa = PBXFileReference; lastKnownFileType = sourcecode.swift; path = Snapshot.swift; sourceTree = "<group>"; };
		819B8073256D58DF00DCADD0 /* FourthPageController.swift */ = {isa = PBXFileReference; lastKnownFileType = sourcecode.swift; path = FourthPageController.swift; sourceTree = "<group>"; };
		81A4B34F24105D98004A02CB /* SignupViewController.swift */ = {isa = PBXFileReference; lastKnownFileType = sourcecode.swift; path = SignupViewController.swift; sourceTree = "<group>"; };
		81A4B351241129DB004A02CB /* Assembler.swift */ = {isa = PBXFileReference; lastKnownFileType = sourcecode.swift; path = Assembler.swift; sourceTree = "<group>"; };
		81A4B353241129FC004A02CB /* Repository.swift */ = {isa = PBXFileReference; lastKnownFileType = sourcecode.swift; path = Repository.swift; sourceTree = "<group>"; };
		81A4B3552413A3CF004A02CB /* LoginConfigurator.swift */ = {isa = PBXFileReference; lastKnownFileType = sourcecode.swift; path = LoginConfigurator.swift; sourceTree = "<group>"; };
		81A4B3592413A4BC004A02CB /* LoginRouter.swift */ = {isa = PBXFileReference; lastKnownFileType = sourcecode.swift; path = LoginRouter.swift; sourceTree = "<group>"; };
		81A4B35B2413A527004A02CB /* BaseRouter.swift */ = {isa = PBXFileReference; lastKnownFileType = sourcecode.swift; path = BaseRouter.swift; sourceTree = "<group>"; };
		81A4B35D2413ADDC004A02CB /* HomePresenter.swift */ = {isa = PBXFileReference; lastKnownFileType = sourcecode.swift; path = HomePresenter.swift; sourceTree = "<group>"; };
		81A4B35F2413BCA5004A02CB /* HomeRouter.swift */ = {isa = PBXFileReference; lastKnownFileType = sourcecode.swift; path = HomeRouter.swift; sourceTree = "<group>"; };
		81A4B3612413BCC5004A02CB /* HomeConfigurator.swift */ = {isa = PBXFileReference; lastKnownFileType = sourcecode.swift; path = HomeConfigurator.swift; sourceTree = "<group>"; };
		81AB9E9B2438B1FE00C44C02 /* BaseHeaderViewPresenter.swift */ = {isa = PBXFileReference; lastKnownFileType = sourcecode.swift; path = BaseHeaderViewPresenter.swift; sourceTree = "<group>"; };
		81AF5B29246C2EB10058FC03 /* WebsocketJsonCreator.swift */ = {isa = PBXFileReference; lastKnownFileType = sourcecode.swift; path = WebsocketJsonCreator.swift; sourceTree = "<group>"; };
		81AF5B2B246C35D00058FC03 /* Range.swift */ = {isa = PBXFileReference; lastKnownFileType = sourcecode.swift; path = Range.swift; sourceTree = "<group>"; };
		81AF5B2D246C60070058FC03 /* RangeJsonAcception.swift */ = {isa = PBXFileReference; lastKnownFileType = sourcecode.swift; path = RangeJsonAcception.swift; sourceTree = "<group>"; };
		81B72885249269EA00153610 /* zh-Hans */ = {isa = PBXFileReference; lastKnownFileType = text.plist.strings; name = "zh-Hans"; path = "zh-Hans.lproj/LaunchScreen.strings"; sourceTree = "<group>"; };
		81B7288924926B3200153610 /* en */ = {isa = PBXFileReference; lastKnownFileType = text.plist.strings; name = en; path = en.lproj/Localizable.strings; sourceTree = "<group>"; };
		81B7288B24926B3E00153610 /* zh-Hans */ = {isa = PBXFileReference; lastKnownFileType = text.plist.strings; name = "zh-Hans"; path = "zh-Hans.lproj/Localizable.strings"; sourceTree = "<group>"; };
		81BA2A452465D72000C13F64 /* AssetPrice.swift */ = {isa = PBXFileReference; lastKnownFileType = sourcecode.swift; path = AssetPrice.swift; sourceTree = "<group>"; };
		81BA2A472465D92E00C13F64 /* AssetPriceJsonAcception.swift */ = {isa = PBXFileReference; lastKnownFileType = sourcecode.swift; path = AssetPriceJsonAcception.swift; sourceTree = "<group>"; };
		81BC20312476C811000BC42B /* PickerEntry.swift */ = {isa = PBXFileReference; lastKnownFileType = sourcecode.swift; path = PickerEntry.swift; sourceTree = "<group>"; };
		81C28ADB256E4F1A0050E2DA /* FifthPageController.swift */ = {isa = PBXFileReference; lastKnownFileType = sourcecode.swift; path = FifthPageController.swift; sourceTree = "<group>"; };
		81C28ADD256E5E310050E2DA /* SixthPageController.swift */ = {isa = PBXFileReference; lastKnownFileType = sourcecode.swift; path = SixthPageController.swift; sourceTree = "<group>"; };
		81C28ADF256EACB10050E2DA /* SeventhPageController.swift */ = {isa = PBXFileReference; lastKnownFileType = sourcecode.swift; path = SeventhPageController.swift; sourceTree = "<group>"; };
		81D882572409D4F30030C78B /* Network.swift */ = {isa = PBXFileReference; lastKnownFileType = sourcecode.swift; path = Network.swift; sourceTree = "<group>"; };
		81D882592409D6AA0030C78B /* Endpoints.swift */ = {isa = PBXFileReference; lastKnownFileType = sourcecode.swift; path = Endpoints.swift; sourceTree = "<group>"; };
		81D8825C2409D8880030C78B /* User.swift */ = {isa = PBXFileReference; lastKnownFileType = sourcecode.swift; path = User.swift; sourceTree = "<group>"; };
		81D8825E2409D9070030C78B /* WolfError.swift */ = {isa = PBXFileReference; lastKnownFileType = sourcecode.swift; path = WolfError.swift; sourceTree = "<group>"; };
		81D90BA9244B3A320074E2A3 /* WalletPresenter.swift */ = {isa = PBXFileReference; lastKnownFileType = sourcecode.swift; path = WalletPresenter.swift; sourceTree = "<group>"; };
		81D90BAB244B3A7C0074E2A3 /* WalletRouter.swift */ = {isa = PBXFileReference; lastKnownFileType = sourcecode.swift; path = WalletRouter.swift; sourceTree = "<group>"; };
		81D90BAD244B3A860074E2A3 /* WalletConfigurator.swift */ = {isa = PBXFileReference; lastKnownFileType = sourcecode.swift; path = WalletConfigurator.swift; sourceTree = "<group>"; };
		81E97D332566BAA6009BA8EE /* SnapshotView.swift */ = {isa = PBXFileReference; lastKnownFileType = sourcecode.swift; path = SnapshotView.swift; sourceTree = "<group>"; };
		81F97D69254865DC009936BC /* BalanceHistoryFooterView.xib */ = {isa = PBXFileReference; lastKnownFileType = file.xib; path = BalanceHistoryFooterView.xib; sourceTree = "<group>"; };
		81F97D6B254865FA009936BC /* BalanceHistoryFooterView.swift */ = {isa = PBXFileReference; lastKnownFileType = sourcecode.swift; path = BalanceHistoryFooterView.swift; sourceTree = "<group>"; };
		81FAA37E24B3AE59006B9140 /* TradeStatus.swift */ = {isa = PBXFileReference; lastKnownFileType = sourcecode.swift; path = TradeStatus.swift; sourceTree = "<group>"; };
		81FAA38024B4647C006B9140 /* LegalInformation.swift */ = {isa = PBXFileReference; lastKnownFileType = sourcecode.swift; path = LegalInformation.swift; sourceTree = "<group>"; };
		81FD5DF92571490800FF7A4A /* OrderBonus.swift */ = {isa = PBXFileReference; lastKnownFileType = sourcecode.swift; path = OrderBonus.swift; sourceTree = "<group>"; };
		93A4C600226894C900513681 /* Pods-WolfFXUITests.release.xcconfig */ = {isa = PBXFileReference; includeInIndex = 1; lastKnownFileType = text.xcconfig; name = "Pods-WolfFXUITests.release.xcconfig"; path = "Target Support Files/Pods-WolfFXUITests/Pods-WolfFXUITests.release.xcconfig"; sourceTree = "<group>"; };
		F4DDAFBC92A8DE3EBEC85F92 /* Pods_WolfFX.framework */ = {isa = PBXFileReference; explicitFileType = wrapper.framework; includeInIndex = 0; path = Pods_WolfFX.framework; sourceTree = BUILT_PRODUCTS_DIR; };
/* End PBXFileReference section */

/* Begin PBXFrameworksBuildPhase section */
		816C17C424050A0F00B1551A /* Frameworks */ = {
			isa = PBXFrameworksBuildPhase;
			buildActionMask = 2147483647;
			files = (
				62E1728DBD1FDF0F5E5C6998 /* Pods_WolfFX.framework in Frameworks */,
			);
			runOnlyForDeploymentPostprocessing = 0;
		};
		816C17DA24050A1100B1551A /* Frameworks */ = {
			isa = PBXFrameworksBuildPhase;
			buildActionMask = 2147483647;
			files = (
				EE1C659B0C94D7015423A68C /* Pods_WolfFXTests.framework in Frameworks */,
			);
			runOnlyForDeploymentPostprocessing = 0;
		};
		816C17E524050A1100B1551A /* Frameworks */ = {
			isa = PBXFrameworksBuildPhase;
			buildActionMask = 2147483647;
			files = (
				F7A9E9C1FC3FC31A410DBD4F /* Pods_WolfFXUITests.framework in Frameworks */,
			);
			runOnlyForDeploymentPostprocessing = 0;
		};
/* End PBXFrameworksBuildPhase section */

/* Begin PBXGroup section */
		527B9D4EA629194F260CF0AE /* Pods */ = {
			isa = PBXGroup;
			children = (
				3ACB8CB61A332577F58487E0 /* Pods-WolfFX.debug.xcconfig */,
				811E060A07A0606C5423FA73 /* Pods-WolfFX.release.xcconfig */,
				6CC906AF2777012B78946D39 /* Pods-WolfFXTests.debug.xcconfig */,
				45270D39D6F5BF4446F2567D /* Pods-WolfFXTests.release.xcconfig */,
				41D97FDD5FE16F1EE497F444 /* Pods-WolfFXUITests.debug.xcconfig */,
				93A4C600226894C900513681 /* Pods-WolfFXUITests.release.xcconfig */,
			);
			path = Pods;
			sourceTree = "<group>";
		};
		8103B17F242EAC8F008D7D5B /* ProfileDetails */ = {
			isa = PBXGroup;
			children = (
				8103B180242EACD7008D7D5B /* ProfileDetailsViewController.swift */,
				8103B182242EB13A008D7D5B /* ProfileDetailsPresenter.swift */,
				8103B184242EB161008D7D5B /* ProfileDetailsConfigurator.swift */,
				8103B186242EB196008D7D5B /* ProfileDetailsRouter.swift */,
			);
			name = ProfileDetails;
			path = ../Storyboards/ProfileDetails;
			sourceTree = "<group>";
		};
		8103B188242EC047008D7D5B /* BaseHeaderView */ = {
			isa = PBXGroup;
			children = (
				8103B189242EC0AE008D7D5B /* BaseHeaderView.swift */,
				8103B18D242EC3C7008D7D5B /* BaseHeaderView.xib */,
				81AB9E9B2438B1FE00C44C02 /* BaseHeaderViewPresenter.swift */,
			);
			path = BaseHeaderView;
			sourceTree = "<group>";
		};
		811ED6C5241933C80002F559 /* Views */ = {
			isa = PBXGroup;
			children = (
				81F97D68254865AE009936BC /* BalanceHistoryFooterView */,
				8103B188242EC047008D7D5B /* BaseHeaderView */,
				811ED6C6241935530002F559 /* CheckboxButton.swift */,
				8103B1912430CC18008D7D5B /* SubmitButton.swift */,
				814D3136246479D500C092EC /* AssetCell.swift */,
				81E97D332566BAA6009BA8EE /* SnapshotView.swift */,
			);
			path = Views;
			sourceTree = "<group>";
		};
		812F9386256BAE2F007E67BE /* Carousel */ = {
			isa = PBXGroup;
			children = (
				812F9387256BAE54007E67BE /* CarouselMainController.swift */,
				812F9389256BAFF2007E67BE /* PageController.swift */,
				812F938B256BB193007E67BE /* CarouselConfigurator.swift */,
				812F938D256BB239007E67BE /* FirstPageController.swift */,
				812F938F256BB2C4007E67BE /* SecondPageController.swift */,
				812F9391256BB2D4007E67BE /* ThirdPageController.swift */,
				819B8073256D58DF00DCADD0 /* FourthPageController.swift */,
				81C28ADB256E4F1A0050E2DA /* FifthPageController.swift */,
				81C28ADD256E5E310050E2DA /* SixthPageController.swift */,
				81C28ADF256EACB10050E2DA /* SeventhPageController.swift */,
			);
			path = Carousel;
			sourceTree = "<group>";
		};
		813C91B3257E2F4E00149BE8 /* Reset Password */ = {
			isa = PBXGroup;
			children = (
				813C91B4257E2F7700149BE8 /* ResetPasswordController.swift */,
				813C91B6257E2FDB00149BE8 /* ResetPasswordPresenter.swift */,
				813C91B8257E2FEF00149BE8 /* ResetPasswordConfigurator.swift */,
				813C91BA257E301900149BE8 /* ResetPasswordRouter.swift */,
			);
			path = "Reset Password";
			sourceTree = "<group>";
		};
		8145C8A12405DD2F00414AE2 /* Misc */ = {
			isa = PBXGroup;
			children = (
				8145C8A22405DD5700414AE2 /* Protocols.swift */,
				8145C8A42405DD8300414AE2 /* Design.swift */,
				81D8825E2409D9070030C78B /* WolfError.swift */,
				81A4B35B2413A527004A02CB /* BaseRouter.swift */,
				811ED6C8241971110002F559 /* Validation.swift */,
				8103B18B242EC2EE008D7D5B /* Extensions.swift */,
				817324CA2437CFE4000DFB86 /* Currency.swift */,
				817097B02550547800CA3CAB /* ChartXaxisFormatter.swift */,
				81220407261F6C780062DD7E /* KeyboardHandler.swift */,
			);
			path = Misc;
			sourceTree = "<group>";
		};
		8160E7A3248C22950019B2F4 /* Cells */ = {
			isa = PBXGroup;
			children = (
				8160E7A4248C22B10019B2F4 /* LanguageCell.swift */,
				815E533824B9F668005BFD5B /* LegalInfoCell.swift */,
				811614DA2539D7660094DC1F /* BalanceHistoryCell.swift */,
			);
			path = Cells;
			sourceTree = "<group>";
		};
		816C17BE24050A0F00B1551A = {
			isa = PBXGroup;
			children = (
				81B7288A24926B3200153610 /* Localizable.strings */,
				81066A3D2420BF3F00CA8829 /* Podfile */,
				816C181724056BAD00B1551A /* R.generated.swift */,
				816C17C924050A0F00B1551A /* WolfFX */,
				816C17E024050A1100B1551A /* WolfFXTests */,
				816C17EB24050A1100B1551A /* WolfFXUITests */,
				816C17C824050A0F00B1551A /* Products */,
				527B9D4EA629194F260CF0AE /* Pods */,
				B5B38560DD3AC51588305943 /* Frameworks */,
			);
			sourceTree = "<group>";
		};
		816C17C824050A0F00B1551A /* Products */ = {
			isa = PBXGroup;
			children = (
				816C17C724050A0F00B1551A /* WolfFX.app */,
				816C17DD24050A1100B1551A /* WolfFXTests.xctest */,
				816C17E824050A1100B1551A /* WolfFXUITests.xctest */,
			);
			name = Products;
			sourceTree = "<group>";
		};
		816C17C924050A0F00B1551A /* WolfFX */ = {
			isa = PBXGroup;
			children = (
				8160E7A3248C22950019B2F4 /* Cells */,
				811ED6C5241933C80002F559 /* Views */,
				8145C8A12405DD2F00414AE2 /* Misc */,
				81D8825B2409D8650030C78B /* Models */,
				816C180124055CC600B1551A /* Storyboards */,
				816C17FA24050AA900B1551A /* Modules */,
				81D882562409D4C60030C78B /* Services */,
				816C17CA24050A0F00B1551A /* AppDelegate.swift */,
				816C17CC24050A0F00B1551A /* SceneDelegate.swift */,
				816C17CE24050A0F00B1551A /* ContentView.swift */,
				816C17D024050A1100B1551A /* Assets.xcassets */,
				816C17D524050A1100B1551A /* LaunchScreen.storyboard */,
				816C17D824050A1100B1551A /* Info.plist */,
				816C17D224050A1100B1551A /* Preview Content */,
			);
			path = WolfFX;
			sourceTree = "<group>";
		};
		816C17D224050A1100B1551A /* Preview Content */ = {
			isa = PBXGroup;
			children = (
				816C17D324050A1100B1551A /* Preview Assets.xcassets */,
			);
			path = "Preview Content";
			sourceTree = "<group>";
		};
		816C17E024050A1100B1551A /* WolfFXTests */ = {
			isa = PBXGroup;
			children = (
				816C17E124050A1100B1551A /* WolfFXTests.swift */,
				816C17E324050A1100B1551A /* Info.plist */,
			);
			path = WolfFXTests;
			sourceTree = "<group>";
		};
		816C17EB24050A1100B1551A /* WolfFXUITests */ = {
			isa = PBXGroup;
			children = (
				816C17EC24050A1100B1551A /* WolfFXUITests.swift */,
				816C17EE24050A1100B1551A /* Info.plist */,
			);
			path = WolfFXUITests;
			sourceTree = "<group>";
		};
		816C17FA24050AA900B1551A /* Modules */ = {
			isa = PBXGroup;
			children = (
				813C91B3257E2F4E00149BE8 /* Reset Password */,
				812F9386256BAE2F007E67BE /* Carousel */,
				81A4B34E24105D62004A02CB /* SignUp */,
				816F67EB240858010016AA95 /* Login */,
				8103B17F242EAC8F008D7D5B /* ProfileDetails */,
				816C18132405620500B1551A /* Settings */,
				816C18102405607300B1551A /* Wallet */,
				816C180D24055F4900B1551A /* BillingData */,
				816C180A24055D7A00B1551A /* Home */,
				816C17FB24050AB400B1551A /* Tabbar */,
			);
			path = Modules;
			sourceTree = "<group>";
		};
		816C17FB24050AB400B1551A /* Tabbar */ = {
			isa = PBXGroup;
			children = (
				816C17FC24050ACD00B1551A /* TabbarView.swift */,
				816C17FE24050AE900B1551A /* TabbarConfigurator.swift */,
			);
			path = Tabbar;
			sourceTree = "<group>";
		};
		816C180124055CC600B1551A /* Storyboards */ = {
			isa = PBXGroup;
			children = (
				816C180224055D0D00B1551A /* Home.storyboard */,
				816C180424055D2900B1551A /* Billing Data.storyboard */,
				816C180624055D4900B1551A /* Wallet.storyboard */,
				816C180824055D6F00B1551A /* Settings.storyboard */,
				816F67EC2408585A0016AA95 /* Login.storyboard */,
				812F9384256BA9E8007E67BE /* Carousel.storyboard */,
			);
			path = Storyboards;
			sourceTree = "<group>";
		};
		816C180A24055D7A00B1551A /* Home */ = {
			isa = PBXGroup;
			children = (
				816C180B24055D9D00B1551A /* HomeViewController.swift */,
				81A4B35D2413ADDC004A02CB /* HomePresenter.swift */,
				81A4B35F2413BCA5004A02CB /* HomeRouter.swift */,
				81A4B3612413BCC5004A02CB /* HomeConfigurator.swift */,
			);
			path = Home;
			sourceTree = "<group>";
		};
		816C180D24055F4900B1551A /* BillingData */ = {
			isa = PBXGroup;
			children = (
				816C180E24055F6C00B1551A /* BillingDataViewController.swift */,
				814F2ECF24423A7700E0820C /* BillingDataPresenter.swift */,
				814F2ED124423A9000E0820C /* BillingDataConfigurator.swift */,
				814F2ED324423C1A00E0820C /* BillingDataRouter.swift */,
			);
			path = BillingData;
			sourceTree = "<group>";
		};
		816C18102405607300B1551A /* Wallet */ = {
			isa = PBXGroup;
			children = (
				816C1811240560AD00B1551A /* WalletViewController.swift */,
				81D90BA9244B3A320074E2A3 /* WalletPresenter.swift */,
				81D90BAB244B3A7C0074E2A3 /* WalletRouter.swift */,
				81D90BAD244B3A860074E2A3 /* WalletConfigurator.swift */,
			);
			path = Wallet;
			sourceTree = "<group>";
		};
		816C18132405620500B1551A /* Settings */ = {
			isa = PBXGroup;
			children = (
				816C18142405623A00B1551A /* SettingsViewController.swift */,
				8103B179242E90C5008D7D5B /* SettingsPresenter.swift */,
				8103B17B242E90E4008D7D5B /* SettingsConfigurator.swift */,
				8103B17D242E9109008D7D5B /* SettingsRouter.swift */,
			);
			path = Settings;
			sourceTree = "<group>";
		};
		816F67EB240858010016AA95 /* Login */ = {
			isa = PBXGroup;
			children = (
				816F67E9240857F50016AA95 /* LoginViewController.swift */,
				8184269D240D534200713BF5 /* LoginPresenter.swift */,
				81A4B3552413A3CF004A02CB /* LoginConfigurator.swift */,
				81A4B3592413A4BC004A02CB /* LoginRouter.swift */,
			);
			path = Login;
			sourceTree = "<group>";
		};
		817E5D2A243B74C90088E60A /* JSONAcception */ = {
			isa = PBXGroup;
			children = (
				817E5D28243B73FE0088E60A /* UserJsonAcception.swift */,
				817E5D2B243B74EA0088E60A /* BalanceJsonAcception.swift */,
				815FD04A244F230B00EE7083 /* ExchangeRateJsonAcception.swift */,
				814D3132245C563600C092EC /* AssetsJsonAcception.swift */,
				81BA2A472465D92E00C13F64 /* AssetPriceJsonAcception.swift */,
				815B66732466E1C000E4227A /* PriceHistoryJsonAcceptor.swift */,
				81AF5B2D246C60070058FC03 /* RangeJsonAcception.swift */,
				810886A824A4E48700265862 /* OrderExecutorJSONAcception.swift */,
				8145C4AF2535D030003D8423 /* BalanceHistoryJsonAcception.swift */,
				816B47A82559FBA3002C9CBB /* OrdersJsonAcception.swift */,
			);
			path = JSONAcception;
			sourceTree = "<group>";
		};
		81A4B34E24105D62004A02CB /* SignUp */ = {
			isa = PBXGroup;
			children = (
				81A4B34F24105D98004A02CB /* SignupViewController.swift */,
				811ED6BF24191A120002F559 /* SignupPresenter.swift */,
				811ED6C1241921880002F559 /* SignupConfigurator.swift */,
				811ED6C3241926410002F559 /* SignupRouter.swift */,
			);
			path = SignUp;
			sourceTree = "<group>";
		};
		81D882562409D4C60030C78B /* Services */ = {
			isa = PBXGroup;
			children = (
				817E5D2A243B74C90088E60A /* JSONAcception */,
				81D882572409D4F30030C78B /* Network.swift */,
				81D882592409D6AA0030C78B /* Endpoints.swift */,
				81A4B351241129DB004A02CB /* Assembler.swift */,
				81A4B353241129FC004A02CB /* Repository.swift */,
				81066A3B241FBA6700CA8829 /* WSManager.swift */,
				817324C6243674EB000DFB86 /* DataReceiver.swift */,
				817324C82437CC4B000DFB86 /* Converter.swift */,
				81AF5B29246C2EB10058FC03 /* WebsocketJsonCreator.swift */,
			);
			path = Services;
			sourceTree = "<group>";
		};
		81D8825B2409D8650030C78B /* Models */ = {
			isa = PBXGroup;
			children = (
				81D8825C2409D8880030C78B /* User.swift */,
				814F2ED524438C9300E0820C /* AccountData.swift */,
				815FD04C244F76DB00EE7083 /* ExchangeRate.swift */,
				814D3130245C53B200C092EC /* Asset.swift */,
				814D31342464414E00C092EC /* AssetsDataSource.swift */,
				81BA2A452465D72000C13F64 /* AssetPrice.swift */,
				81AF5B2B246C35D00058FC03 /* Range.swift */,
				81BC20312476C811000BC42B /* PickerEntry.swift */,
				8160E7A6248DF0490019B2F4 /* Language.swift */,
				81FAA37E24B3AE59006B9140 /* TradeStatus.swift */,
				81FAA38024B4647C006B9140 /* LegalInformation.swift */,
				81992CFB24E7E89600D1229F /* Snapshot.swift */,
				8145C4B12535D437003D8423 /* BalanceHistoryItem.swift */,
				8145C4B32535E520003D8423 /* BalanceHistoryItemViewModel.swift */,
				816B47AA255A000A002C9CBB /* Order.swift */,
				81FD5DF92571490800FF7A4A /* OrderBonus.swift */,
			);
			path = Models;
			sourceTree = "<group>";
		};
		81F97D68254865AE009936BC /* BalanceHistoryFooterView */ = {
			isa = PBXGroup;
			children = (
				81F97D69254865DC009936BC /* BalanceHistoryFooterView.xib */,
				81F97D6B254865FA009936BC /* BalanceHistoryFooterView.swift */,
			);
			path = BalanceHistoryFooterView;
			sourceTree = "<group>";
		};
		B5B38560DD3AC51588305943 /* Frameworks */ = {
			isa = PBXGroup;
			children = (
				F4DDAFBC92A8DE3EBEC85F92 /* Pods_WolfFX.framework */,
				1A5C99F36564DA7BA05FD685 /* Pods_WolfFXTests.framework */,
				55B49A895A9ABBD490771AC7 /* Pods_WolfFXUITests.framework */,
			);
			name = Frameworks;
			sourceTree = "<group>";
		};
/* End PBXGroup section */

/* Begin PBXNativeTarget section */
		816C17C624050A0F00B1551A /* WolfFX */ = {
			isa = PBXNativeTarget;
			buildConfigurationList = 816C17F124050A1100B1551A /* Build configuration list for PBXNativeTarget "WolfFX" */;
			buildPhases = (
				24445190C3AEF0040C48899A /* [CP] Check Pods Manifest.lock */,
				816C18162405643400B1551A /* R swift */,
				816C17C324050A0F00B1551A /* Sources */,
				816C17C424050A0F00B1551A /* Frameworks */,
				816C17C524050A0F00B1551A /* Resources */,
				0F1BE9ABC44CA45D7B1EAB77 /* [CP] Embed Pods Frameworks */,
			);
			buildRules = (
			);
			dependencies = (
			);
			name = WolfFX;
			productName = WolfFX;
			productReference = 816C17C724050A0F00B1551A /* WolfFX.app */;
			productType = "com.apple.product-type.application";
		};
		816C17DC24050A1100B1551A /* WolfFXTests */ = {
			isa = PBXNativeTarget;
			buildConfigurationList = 816C17F424050A1100B1551A /* Build configuration list for PBXNativeTarget "WolfFXTests" */;
			buildPhases = (
				35C1F3D4741A09E020FB4F5E /* [CP] Check Pods Manifest.lock */,
				816C17D924050A1100B1551A /* Sources */,
				816C17DA24050A1100B1551A /* Frameworks */,
				816C17DB24050A1100B1551A /* Resources */,
			);
			buildRules = (
			);
			dependencies = (
				816C17DF24050A1100B1551A /* PBXTargetDependency */,
			);
			name = WolfFXTests;
			productName = WolfFXTests;
			productReference = 816C17DD24050A1100B1551A /* WolfFXTests.xctest */;
			productType = "com.apple.product-type.bundle.unit-test";
		};
		816C17E724050A1100B1551A /* WolfFXUITests */ = {
			isa = PBXNativeTarget;
			buildConfigurationList = 816C17F724050A1100B1551A /* Build configuration list for PBXNativeTarget "WolfFXUITests" */;
			buildPhases = (
				C544AEFFEC9EB8EBE17D2D31 /* [CP] Check Pods Manifest.lock */,
				816C17E424050A1100B1551A /* Sources */,
				816C17E524050A1100B1551A /* Frameworks */,
				816C17E624050A1100B1551A /* Resources */,
			);
			buildRules = (
			);
			dependencies = (
				816C17EA24050A1100B1551A /* PBXTargetDependency */,
			);
			name = WolfFXUITests;
			productName = WolfFXUITests;
			productReference = 816C17E824050A1100B1551A /* WolfFXUITests.xctest */;
			productType = "com.apple.product-type.bundle.ui-testing";
		};
/* End PBXNativeTarget section */

/* Begin PBXProject section */
		816C17BF24050A0F00B1551A /* Project object */ = {
			isa = PBXProject;
			attributes = {
				LastSwiftUpdateCheck = 1130;
				LastUpgradeCheck = 1130;
				ORGANIZATIONNAME = "Елена Острожинская";
				TargetAttributes = {
					816C17C624050A0F00B1551A = {
						CreatedOnToolsVersion = 11.3.1;
					};
					816C17DC24050A1100B1551A = {
						CreatedOnToolsVersion = 11.3.1;
						TestTargetID = 816C17C624050A0F00B1551A;
					};
					816C17E724050A1100B1551A = {
						CreatedOnToolsVersion = 11.3.1;
						TestTargetID = 816C17C624050A0F00B1551A;
					};
				};
			};
			buildConfigurationList = 816C17C224050A0F00B1551A /* Build configuration list for PBXProject "WolfFX" */;
			compatibilityVersion = "Xcode 9.3";
			developmentRegion = en;
			hasScannedForEncodings = 0;
			knownRegions = (
				en,
				Base,
				"zh-Hans",
			);
			mainGroup = 816C17BE24050A0F00B1551A;
			productRefGroup = 816C17C824050A0F00B1551A /* Products */;
			projectDirPath = "";
			projectRoot = "";
			targets = (
				816C17C624050A0F00B1551A /* WolfFX */,
				816C17DC24050A1100B1551A /* WolfFXTests */,
				816C17E724050A1100B1551A /* WolfFXUITests */,
			);
		};
/* End PBXProject section */

/* Begin PBXResourcesBuildPhase section */
		816C17C524050A0F00B1551A /* Resources */ = {
			isa = PBXResourcesBuildPhase;
			buildActionMask = 2147483647;
			files = (
				81066A3E2420BF3F00CA8829 /* Podfile in Resources */,
				816C180524055D2900B1551A /* Billing Data.storyboard in Resources */,
				81B7288824926B3200153610 /* Localizable.strings in Resources */,
				816C17D724050A1100B1551A /* LaunchScreen.storyboard in Resources */,
				816F67ED2408585A0016AA95 /* Login.storyboard in Resources */,
				816C17D424050A1100B1551A /* Preview Assets.xcassets in Resources */,
				812F9385256BA9E8007E67BE /* Carousel.storyboard in Resources */,
				816C17D124050A1100B1551A /* Assets.xcassets in Resources */,
				816C180324055D0D00B1551A /* Home.storyboard in Resources */,
				816C180724055D4900B1551A /* Wallet.storyboard in Resources */,
				816C180924055D6F00B1551A /* Settings.storyboard in Resources */,
				8103B18E242EC3C7008D7D5B /* BaseHeaderView.xib in Resources */,
				81F97D6A254865DD009936BC /* BalanceHistoryFooterView.xib in Resources */,
			);
			runOnlyForDeploymentPostprocessing = 0;
		};
		816C17DB24050A1100B1551A /* Resources */ = {
			isa = PBXResourcesBuildPhase;
			buildActionMask = 2147483647;
			files = (
			);
			runOnlyForDeploymentPostprocessing = 0;
		};
		816C17E624050A1100B1551A /* Resources */ = {
			isa = PBXResourcesBuildPhase;
			buildActionMask = 2147483647;
			files = (
			);
			runOnlyForDeploymentPostprocessing = 0;
		};
/* End PBXResourcesBuildPhase section */

/* Begin PBXShellScriptBuildPhase section */
		0F1BE9ABC44CA45D7B1EAB77 /* [CP] Embed Pods Frameworks */ = {
			isa = PBXShellScriptBuildPhase;
			buildActionMask = 2147483647;
			files = (
			);
			inputFileListPaths = (
				"${PODS_ROOT}/Target Support Files/Pods-WolfFX/Pods-WolfFX-frameworks-${CONFIGURATION}-input-files.xcfilelist",
			);
			name = "[CP] Embed Pods Frameworks";
			outputFileListPaths = (
				"${PODS_ROOT}/Target Support Files/Pods-WolfFX/Pods-WolfFX-frameworks-${CONFIGURATION}-output-files.xcfilelist",
			);
			runOnlyForDeploymentPostprocessing = 0;
			shellPath = /bin/sh;
			shellScript = "\"${PODS_ROOT}/Target Support Files/Pods-WolfFX/Pods-WolfFX-frameworks.sh\"\n";
			showEnvVarsInLog = 0;
		};
		24445190C3AEF0040C48899A /* [CP] Check Pods Manifest.lock */ = {
			isa = PBXShellScriptBuildPhase;
			buildActionMask = 2147483647;
			files = (
			);
			inputFileListPaths = (
			);
			inputPaths = (
				"${PODS_PODFILE_DIR_PATH}/Podfile.lock",
				"${PODS_ROOT}/Manifest.lock",
			);
			name = "[CP] Check Pods Manifest.lock";
			outputFileListPaths = (
			);
			outputPaths = (
				"$(DERIVED_FILE_DIR)/Pods-WolfFX-checkManifestLockResult.txt",
			);
			runOnlyForDeploymentPostprocessing = 0;
			shellPath = /bin/sh;
			shellScript = "diff \"${PODS_PODFILE_DIR_PATH}/Podfile.lock\" \"${PODS_ROOT}/Manifest.lock\" > /dev/null\nif [ $? != 0 ] ; then\n    # print error to STDERR\n    echo \"error: The sandbox is not in sync with the Podfile.lock. Run 'pod install' or update your CocoaPods installation.\" >&2\n    exit 1\nfi\n# This output is used by Xcode 'outputs' to avoid re-running this script phase.\necho \"SUCCESS\" > \"${SCRIPT_OUTPUT_FILE_0}\"\n";
			showEnvVarsInLog = 0;
		};
		35C1F3D4741A09E020FB4F5E /* [CP] Check Pods Manifest.lock */ = {
			isa = PBXShellScriptBuildPhase;
			buildActionMask = 2147483647;
			files = (
			);
			inputFileListPaths = (
			);
			inputPaths = (
				"${PODS_PODFILE_DIR_PATH}/Podfile.lock",
				"${PODS_ROOT}/Manifest.lock",
			);
			name = "[CP] Check Pods Manifest.lock";
			outputFileListPaths = (
			);
			outputPaths = (
				"$(DERIVED_FILE_DIR)/Pods-WolfFXTests-checkManifestLockResult.txt",
			);
			runOnlyForDeploymentPostprocessing = 0;
			shellPath = /bin/sh;
			shellScript = "diff \"${PODS_PODFILE_DIR_PATH}/Podfile.lock\" \"${PODS_ROOT}/Manifest.lock\" > /dev/null\nif [ $? != 0 ] ; then\n    # print error to STDERR\n    echo \"error: The sandbox is not in sync with the Podfile.lock. Run 'pod install' or update your CocoaPods installation.\" >&2\n    exit 1\nfi\n# This output is used by Xcode 'outputs' to avoid re-running this script phase.\necho \"SUCCESS\" > \"${SCRIPT_OUTPUT_FILE_0}\"\n";
			showEnvVarsInLog = 0;
		};
		816C18162405643400B1551A /* R swift */ = {
			isa = PBXShellScriptBuildPhase;
			buildActionMask = 2147483647;
			files = (
			);
			inputFileListPaths = (
			);
			inputPaths = (
			);
			name = "R swift";
			outputFileListPaths = (
			);
			outputPaths = (
			);
			runOnlyForDeploymentPostprocessing = 0;
			shellPath = /bin/sh;
			shellScript = "\"$PODS_ROOT/R.swift/rswift\" generate --disable-input-output-files-validation \"$SRCROOT/WolfFX/R.generated.swift\"\n";
		};
		C544AEFFEC9EB8EBE17D2D31 /* [CP] Check Pods Manifest.lock */ = {
			isa = PBXShellScriptBuildPhase;
			buildActionMask = 2147483647;
			files = (
			);
			inputFileListPaths = (
			);
			inputPaths = (
				"${PODS_PODFILE_DIR_PATH}/Podfile.lock",
				"${PODS_ROOT}/Manifest.lock",
			);
			name = "[CP] Check Pods Manifest.lock";
			outputFileListPaths = (
			);
			outputPaths = (
				"$(DERIVED_FILE_DIR)/Pods-WolfFXUITests-checkManifestLockResult.txt",
			);
			runOnlyForDeploymentPostprocessing = 0;
			shellPath = /bin/sh;
			shellScript = "diff \"${PODS_PODFILE_DIR_PATH}/Podfile.lock\" \"${PODS_ROOT}/Manifest.lock\" > /dev/null\nif [ $? != 0 ] ; then\n    # print error to STDERR\n    echo \"error: The sandbox is not in sync with the Podfile.lock. Run 'pod install' or update your CocoaPods installation.\" >&2\n    exit 1\nfi\n# This output is used by Xcode 'outputs' to avoid re-running this script phase.\necho \"SUCCESS\" > \"${SCRIPT_OUTPUT_FILE_0}\"\n";
			showEnvVarsInLog = 0;
		};
/* End PBXShellScriptBuildPhase section */

/* Begin PBXSourcesBuildPhase section */
		816C17C324050A0F00B1551A /* Sources */ = {
			isa = PBXSourcesBuildPhase;
			buildActionMask = 2147483647;
			files = (
				814D3137246479D500C092EC /* AssetCell.swift in Sources */,
				816C17CB24050A0F00B1551A /* AppDelegate.swift in Sources */,
				815E533924B9F668005BFD5B /* LegalInfoCell.swift in Sources */,
				816C17CD24050A0F00B1551A /* SceneDelegate.swift in Sources */,
				815FD04D244F76DB00EE7083 /* ExchangeRate.swift in Sources */,
				81AF5B2E246C60070058FC03 /* RangeJsonAcception.swift in Sources */,
				816B47AB255A000A002C9CBB /* Order.swift in Sources */,
				81F97D6C254865FA009936BC /* BalanceHistoryFooterView.swift in Sources */,
				814D31352464414E00C092EC /* AssetsDataSource.swift in Sources */,
				8103B185242EB161008D7D5B /* ProfileDetailsConfigurator.swift in Sources */,
				81E97D342566BAA6009BA8EE /* SnapshotView.swift in Sources */,
				81AF5B2C246C35D00058FC03 /* Range.swift in Sources */,
				81992CFC24E7E89600D1229F /* Snapshot.swift in Sources */,
				81C28ADE256E5E310050E2DA /* SixthPageController.swift in Sources */,
				81FD5DFA2571490800FF7A4A /* OrderBonus.swift in Sources */,
				815FD04B244F230B00EE7083 /* ExchangeRateJsonAcception.swift in Sources */,
				81A4B3562413A3CF004A02CB /* LoginConfigurator.swift in Sources */,
				816F67EA240857F50016AA95 /* LoginViewController.swift in Sources */,
				814F2ED624438C9300E0820C /* AccountData.swift in Sources */,
				81D90BAE244B3A860074E2A3 /* WalletConfigurator.swift in Sources */,
				815B66742466E1C000E4227A /* PriceHistoryJsonAcceptor.swift in Sources */,
				816C17FD24050ACD00B1551A /* TabbarView.swift in Sources */,
				8103B187242EB196008D7D5B /* ProfileDetailsRouter.swift in Sources */,
				812F9393256BB60E007E67BE /* CarouselConfigurator.swift in Sources */,
				81D8825D2409D8880030C78B /* User.swift in Sources */,
				81C28ADC256E4F1A0050E2DA /* FifthPageController.swift in Sources */,
				8145C4B22535D437003D8423 /* BalanceHistoryItem.swift in Sources */,
				814F2ED024423A7700E0820C /* BillingDataPresenter.swift in Sources */,
				811ED6C024191A120002F559 /* SignupPresenter.swift in Sources */,
				814F2ED224423A9000E0820C /* BillingDataConfigurator.swift in Sources */,
				81066A3C241FBA6700CA8829 /* WSManager.swift in Sources */,
				81D8825A2409D6AA0030C78B /* Endpoints.swift in Sources */,
				813C91B5257E2F7700149BE8 /* ResetPasswordController.swift in Sources */,
				813C91B9257E2FEF00149BE8 /* ResetPasswordConfigurator.swift in Sources */,
				81A4B35C2413A527004A02CB /* BaseRouter.swift in Sources */,
				81D90BAC244B3A7C0074E2A3 /* WalletRouter.swift in Sources */,
				812F9394256BBB9E007E67BE /* PageController.swift in Sources */,
				81D8825F2409D9070030C78B /* WolfError.swift in Sources */,
				8160E7A7248DF0490019B2F4 /* Language.swift in Sources */,
				8145C8A52405DD8300414AE2 /* Design.swift in Sources */,
				817E5D29243B73FE0088E60A /* UserJsonAcception.swift in Sources */,
				817324C92437CC4B000DFB86 /* Converter.swift in Sources */,
				817097B12550547800CA3CAB /* ChartXaxisFormatter.swift in Sources */,
				81A4B35A2413A4BC004A02CB /* LoginRouter.swift in Sources */,
				812F9392256BB2D4007E67BE /* ThirdPageController.swift in Sources */,
				81A4B35024105D98004A02CB /* SignupViewController.swift in Sources */,
				8145C8A32405DD5700414AE2 /* Protocols.swift in Sources */,
				812F938E256BB239007E67BE /* FirstPageController.swift in Sources */,
				816B47A92559FBA3002C9CBB /* OrdersJsonAcception.swift in Sources */,
				81C28AE0256EACB10050E2DA /* SeventhPageController.swift in Sources */,
				81A4B35E2413ADDC004A02CB /* HomePresenter.swift in Sources */,
				817324CB2437CFE4000DFB86 /* Currency.swift in Sources */,
				819B8074256D58DF00DCADD0 /* FourthPageController.swift in Sources */,
				8145C4B42535E520003D8423 /* BalanceHistoryItemViewModel.swift in Sources */,
				8160E7A5248C22B10019B2F4 /* LanguageCell.swift in Sources */,
				813C91BB257E301900149BE8 /* ResetPasswordRouter.swift in Sources */,
				8145C4B02535D030003D8423 /* BalanceHistoryJsonAcception.swift in Sources */,
				81BA2A462465D72000C13F64 /* AssetPrice.swift in Sources */,
				816C17CF24050A0F00B1551A /* ContentView.swift in Sources */,
				8103B18C242EC2EE008D7D5B /* Extensions.swift in Sources */,
				816C180F24055F6C00B1551A /* BillingDataViewController.swift in Sources */,
				813C91B7257E2FDB00149BE8 /* ResetPasswordPresenter.swift in Sources */,
				816C1812240560AD00B1551A /* WalletViewController.swift in Sources */,
				81D90BAA244B3A320074E2A3 /* WalletPresenter.swift in Sources */,
				8184269E240D534200713BF5 /* LoginPresenter.swift in Sources */,
				811ED6C7241935530002F559 /* CheckboxButton.swift in Sources */,
				8103B181242EACD7008D7D5B /* ProfileDetailsViewController.swift in Sources */,
				8103B1922430CC18008D7D5B /* SubmitButton.swift in Sources */,
				817E5D2C243B74EA0088E60A /* BalanceJsonAcception.swift in Sources */,
				81FAA38124B4647C006B9140 /* LegalInformation.swift in Sources */,
				8103B17C242E90E4008D7D5B /* SettingsConfigurator.swift in Sources */,
				81A4B354241129FC004A02CB /* Repository.swift in Sources */,
				814F2ED424423C1A00E0820C /* BillingDataRouter.swift in Sources */,
				8103B18A242EC0AE008D7D5B /* BaseHeaderView.swift in Sources */,
				814D3131245C53B200C092EC /* Asset.swift in Sources */,
				81A4B3602413BCA5004A02CB /* HomeRouter.swift in Sources */,
				811ED6C9241971110002F559 /* Validation.swift in Sources */,
				811614DB2539D7660094DC1F /* BalanceHistoryCell.swift in Sources */,
				816C17FF24050AE900B1551A /* TabbarConfigurator.swift in Sources */,
				81220408261F6C780062DD7E /* KeyboardHandler.swift in Sources */,
				816C181824056BAE00B1551A /* R.generated.swift in Sources */,
				814D3133245C563600C092EC /* AssetsJsonAcception.swift in Sources */,
				8103B17E242E9109008D7D5B /* SettingsRouter.swift in Sources */,
				8103B183242EB13A008D7D5B /* ProfileDetailsPresenter.swift in Sources */,
				811ED6C2241921880002F559 /* SignupConfigurator.swift in Sources */,
				817324C7243674EB000DFB86 /* DataReceiver.swift in Sources */,
				812F9388256BAE54007E67BE /* CarouselMainController.swift in Sources */,
				810886A924A4E48700265862 /* OrderExecutorJSONAcception.swift in Sources */,
				811ED6C4241926410002F559 /* SignupRouter.swift in Sources */,
				816C180C24055D9D00B1551A /* HomeViewController.swift in Sources */,
				81A4B352241129DB004A02CB /* Assembler.swift in Sources */,
				812F9390256BB2C4007E67BE /* SecondPageController.swift in Sources */,
				81A4B3622413BCC5004A02CB /* HomeConfigurator.swift in Sources */,
				81AF5B2A246C2EB10058FC03 /* WebsocketJsonCreator.swift in Sources */,
				81FAA37F24B3AE59006B9140 /* TradeStatus.swift in Sources */,
				81BA2A482465D92E00C13F64 /* AssetPriceJsonAcception.swift in Sources */,
				81D882582409D4F30030C78B /* Network.swift in Sources */,
				816C18152405623A00B1551A /* SettingsViewController.swift in Sources */,
				8103B17A242E90C5008D7D5B /* SettingsPresenter.swift in Sources */,
				81BC20322476C812000BC42B /* PickerEntry.swift in Sources */,
				81AB9E9C2438B1FE00C44C02 /* BaseHeaderViewPresenter.swift in Sources */,
			);
			runOnlyForDeploymentPostprocessing = 0;
		};
		816C17D924050A1100B1551A /* Sources */ = {
			isa = PBXSourcesBuildPhase;
			buildActionMask = 2147483647;
			files = (
				816C17E224050A1100B1551A /* WolfFXTests.swift in Sources */,
			);
			runOnlyForDeploymentPostprocessing = 0;
		};
		816C17E424050A1100B1551A /* Sources */ = {
			isa = PBXSourcesBuildPhase;
			buildActionMask = 2147483647;
			files = (
				816C17ED24050A1100B1551A /* WolfFXUITests.swift in Sources */,
			);
			runOnlyForDeploymentPostprocessing = 0;
		};
/* End PBXSourcesBuildPhase section */

/* Begin PBXTargetDependency section */
		816C17DF24050A1100B1551A /* PBXTargetDependency */ = {
			isa = PBXTargetDependency;
			target = 816C17C624050A0F00B1551A /* WolfFX */;
			targetProxy = 816C17DE24050A1100B1551A /* PBXContainerItemProxy */;
		};
		816C17EA24050A1100B1551A /* PBXTargetDependency */ = {
			isa = PBXTargetDependency;
			target = 816C17C624050A0F00B1551A /* WolfFX */;
			targetProxy = 816C17E924050A1100B1551A /* PBXContainerItemProxy */;
		};
/* End PBXTargetDependency section */

/* Begin PBXVariantGroup section */
		816C17D524050A1100B1551A /* LaunchScreen.storyboard */ = {
			isa = PBXVariantGroup;
			children = (
				816C17D624050A1100B1551A /* Base */,
				81B72885249269EA00153610 /* zh-Hans */,
			);
			name = LaunchScreen.storyboard;
			sourceTree = "<group>";
		};
		81B7288A24926B3200153610 /* Localizable.strings */ = {
			isa = PBXVariantGroup;
			children = (
				81B7288924926B3200153610 /* en */,
				81B7288B24926B3E00153610 /* zh-Hans */,
			);
			name = Localizable.strings;
			sourceTree = "<group>";
		};
/* End PBXVariantGroup section */

/* Begin XCBuildConfiguration section */
		816C17EF24050A1100B1551A /* Debug */ = {
			isa = XCBuildConfiguration;
			buildSettings = {
				ALWAYS_SEARCH_USER_PATHS = NO;
				CLANG_ANALYZER_LOCALIZABILITY_NONLOCALIZED = YES;
				CLANG_ANALYZER_NONNULL = YES;
				CLANG_ANALYZER_NUMBER_OBJECT_CONVERSION = YES_AGGRESSIVE;
				CLANG_CXX_LANGUAGE_STANDARD = "gnu++14";
				CLANG_CXX_LIBRARY = "libc++";
				CLANG_ENABLE_MODULES = YES;
				CLANG_ENABLE_OBJC_ARC = YES;
				CLANG_ENABLE_OBJC_WEAK = YES;
				CLANG_WARN_BLOCK_CAPTURE_AUTORELEASING = YES;
				CLANG_WARN_BOOL_CONVERSION = YES;
				CLANG_WARN_COMMA = YES;
				CLANG_WARN_CONSTANT_CONVERSION = YES;
				CLANG_WARN_DEPRECATED_OBJC_IMPLEMENTATIONS = YES;
				CLANG_WARN_DIRECT_OBJC_ISA_USAGE = YES_ERROR;
				CLANG_WARN_DOCUMENTATION_COMMENTS = YES;
				CLANG_WARN_EMPTY_BODY = YES;
				CLANG_WARN_ENUM_CONVERSION = YES;
				CLANG_WARN_INFINITE_RECURSION = YES;
				CLANG_WARN_INT_CONVERSION = YES;
				CLANG_WARN_NON_LITERAL_NULL_CONVERSION = YES;
				CLANG_WARN_OBJC_IMPLICIT_RETAIN_SELF = YES;
				CLANG_WARN_OBJC_LITERAL_CONVERSION = YES;
				CLANG_WARN_OBJC_ROOT_CLASS = YES_ERROR;
				CLANG_WARN_RANGE_LOOP_ANALYSIS = YES;
				CLANG_WARN_STRICT_PROTOTYPES = YES;
				CLANG_WARN_SUSPICIOUS_MOVE = YES;
				CLANG_WARN_UNGUARDED_AVAILABILITY = YES_AGGRESSIVE;
				CLANG_WARN_UNREACHABLE_CODE = YES;
				CLANG_WARN__DUPLICATE_METHOD_MATCH = YES;
				COPY_PHASE_STRIP = NO;
				DEBUG_INFORMATION_FORMAT = dwarf;
				ENABLE_STRICT_OBJC_MSGSEND = YES;
				ENABLE_TESTABILITY = YES;
				GCC_C_LANGUAGE_STANDARD = gnu11;
				GCC_DYNAMIC_NO_PIC = NO;
				GCC_NO_COMMON_BLOCKS = YES;
				GCC_OPTIMIZATION_LEVEL = 0;
				GCC_PREPROCESSOR_DEFINITIONS = (
					"DEBUG=1",
					"$(inherited)",
				);
				GCC_WARN_64_TO_32_BIT_CONVERSION = YES;
				GCC_WARN_ABOUT_RETURN_TYPE = YES_ERROR;
				GCC_WARN_UNDECLARED_SELECTOR = YES;
				GCC_WARN_UNINITIALIZED_AUTOS = YES_AGGRESSIVE;
				GCC_WARN_UNUSED_FUNCTION = YES;
				GCC_WARN_UNUSED_VARIABLE = YES;
				IPHONEOS_DEPLOYMENT_TARGET = 13.2;
				MTL_ENABLE_DEBUG_INFO = INCLUDE_SOURCE;
				MTL_FAST_MATH = YES;
				ONLY_ACTIVE_ARCH = YES;
				SDKROOT = iphoneos;
				SWIFT_ACTIVE_COMPILATION_CONDITIONS = DEBUG;
				SWIFT_OPTIMIZATION_LEVEL = "-Onone";
			};
			name = Debug;
		};
		816C17F024050A1100B1551A /* Release */ = {
			isa = XCBuildConfiguration;
			buildSettings = {
				ALWAYS_SEARCH_USER_PATHS = NO;
				CLANG_ANALYZER_LOCALIZABILITY_NONLOCALIZED = YES;
				CLANG_ANALYZER_NONNULL = YES;
				CLANG_ANALYZER_NUMBER_OBJECT_CONVERSION = YES_AGGRESSIVE;
				CLANG_CXX_LANGUAGE_STANDARD = "gnu++14";
				CLANG_CXX_LIBRARY = "libc++";
				CLANG_ENABLE_MODULES = YES;
				CLANG_ENABLE_OBJC_ARC = YES;
				CLANG_ENABLE_OBJC_WEAK = YES;
				CLANG_WARN_BLOCK_CAPTURE_AUTORELEASING = YES;
				CLANG_WARN_BOOL_CONVERSION = YES;
				CLANG_WARN_COMMA = YES;
				CLANG_WARN_CONSTANT_CONVERSION = YES;
				CLANG_WARN_DEPRECATED_OBJC_IMPLEMENTATIONS = YES;
				CLANG_WARN_DIRECT_OBJC_ISA_USAGE = YES_ERROR;
				CLANG_WARN_DOCUMENTATION_COMMENTS = YES;
				CLANG_WARN_EMPTY_BODY = YES;
				CLANG_WARN_ENUM_CONVERSION = YES;
				CLANG_WARN_INFINITE_RECURSION = YES;
				CLANG_WARN_INT_CONVERSION = YES;
				CLANG_WARN_NON_LITERAL_NULL_CONVERSION = YES;
				CLANG_WARN_OBJC_IMPLICIT_RETAIN_SELF = YES;
				CLANG_WARN_OBJC_LITERAL_CONVERSION = YES;
				CLANG_WARN_OBJC_ROOT_CLASS = YES_ERROR;
				CLANG_WARN_RANGE_LOOP_ANALYSIS = YES;
				CLANG_WARN_STRICT_PROTOTYPES = YES;
				CLANG_WARN_SUSPICIOUS_MOVE = YES;
				CLANG_WARN_UNGUARDED_AVAILABILITY = YES_AGGRESSIVE;
				CLANG_WARN_UNREACHABLE_CODE = YES;
				CLANG_WARN__DUPLICATE_METHOD_MATCH = YES;
				COPY_PHASE_STRIP = NO;
				DEBUG_INFORMATION_FORMAT = "dwarf-with-dsym";
				ENABLE_NS_ASSERTIONS = NO;
				ENABLE_STRICT_OBJC_MSGSEND = YES;
				GCC_C_LANGUAGE_STANDARD = gnu11;
				GCC_NO_COMMON_BLOCKS = YES;
				GCC_WARN_64_TO_32_BIT_CONVERSION = YES;
				GCC_WARN_ABOUT_RETURN_TYPE = YES_ERROR;
				GCC_WARN_UNDECLARED_SELECTOR = YES;
				GCC_WARN_UNINITIALIZED_AUTOS = YES_AGGRESSIVE;
				GCC_WARN_UNUSED_FUNCTION = YES;
				GCC_WARN_UNUSED_VARIABLE = YES;
				IPHONEOS_DEPLOYMENT_TARGET = 13.2;
				MTL_ENABLE_DEBUG_INFO = NO;
				MTL_FAST_MATH = YES;
				SDKROOT = iphoneos;
				SWIFT_COMPILATION_MODE = wholemodule;
				SWIFT_OPTIMIZATION_LEVEL = "-O";
				VALIDATE_PRODUCT = YES;
			};
			name = Release;
		};
		816C17F224050A1100B1551A /* Debug */ = {
			isa = XCBuildConfiguration;
			baseConfigurationReference = 3ACB8CB61A332577F58487E0 /* Pods-WolfFX.debug.xcconfig */;
			buildSettings = {
				ASSETCATALOG_COMPILER_APPICON_NAME = AppIcon;
				CODE_SIGN_IDENTITY = "iPhone Distribution";
				CODE_SIGN_STYLE = Manual;
				CURRENT_PROJECT_VERSION = 1.0.0;
				DEVELOPMENT_ASSET_PATHS = "\"WolfFX/Preview Content\"";
				DEVELOPMENT_TEAM = 246BCLFT9J;
				ENABLE_PREVIEWS = YES;
				INFOPLIST_FILE = WolfFX/Info.plist;
				LD_RUNPATH_SEARCH_PATHS = (
					"$(inherited)",
					"@executable_path/Frameworks",
				);
				MARKETING_VERSION = 1.1;
				PRODUCT_BUNDLE_IDENTIFIER = com.wolffxwarrior;
				PRODUCT_NAME = "$(TARGET_NAME)";
				PROVISIONING_PROFILE_SPECIFIER = "Provisioning distribution";
				SWIFT_VERSION = 5.0;
				TARGETED_DEVICE_FAMILY = "1,2";
			};
			name = Debug;
		};
		816C17F324050A1100B1551A /* Release */ = {
			isa = XCBuildConfiguration;
			baseConfigurationReference = 811E060A07A0606C5423FA73 /* Pods-WolfFX.release.xcconfig */;
			buildSettings = {
				ASSETCATALOG_COMPILER_APPICON_NAME = AppIcon;
				CODE_SIGN_IDENTITY = "iPhone Distribution";
				CODE_SIGN_STYLE = Manual;
				CURRENT_PROJECT_VERSION = 1.0.0;
				DEVELOPMENT_ASSET_PATHS = "\"WolfFX/Preview Content\"";
				DEVELOPMENT_TEAM = 246BCLFT9J;
				ENABLE_PREVIEWS = YES;
				INFOPLIST_FILE = WolfFX/Info.plist;
				LD_RUNPATH_SEARCH_PATHS = (
					"$(inherited)",
					"@executable_path/Frameworks",
				);
				MARKETING_VERSION = 1.1;
				PRODUCT_BUNDLE_IDENTIFIER = com.wolffxwarrior;
				PRODUCT_NAME = "$(TARGET_NAME)";
				PROVISIONING_PROFILE_SPECIFIER = "Provisioning distribution";
				SWIFT_VERSION = 5.0;
				TARGETED_DEVICE_FAMILY = "1,2";
			};
			name = Release;
		};
		816C17F524050A1100B1551A /* Debug */ = {
			isa = XCBuildConfiguration;
			baseConfigurationReference = 6CC906AF2777012B78946D39 /* Pods-WolfFXTests.debug.xcconfig */;
			buildSettings = {
				ALWAYS_EMBED_SWIFT_STANDARD_LIBRARIES = YES;
				BUNDLE_LOADER = "$(TEST_HOST)";
				CODE_SIGN_STYLE = Automatic;
				DEVELOPMENT_TEAM = Q9DJ3245Y9;
				INFOPLIST_FILE = WolfFXTests/Info.plist;
				IPHONEOS_DEPLOYMENT_TARGET = 13.2;
				LD_RUNPATH_SEARCH_PATHS = (
					"$(inherited)",
					"@executable_path/Frameworks",
					"@loader_path/Frameworks",
				);
				PRODUCT_BUNDLE_IDENTIFIER = Ostrozhynska.WolfFXTests;
				PRODUCT_NAME = "$(TARGET_NAME)";
				SWIFT_VERSION = 5.0;
				TARGETED_DEVICE_FAMILY = "1,2";
				TEST_HOST = "$(BUILT_PRODUCTS_DIR)/WolfFX.app/WolfFX";
			};
			name = Debug;
		};
		816C17F624050A1100B1551A /* Release */ = {
			isa = XCBuildConfiguration;
			baseConfigurationReference = 45270D39D6F5BF4446F2567D /* Pods-WolfFXTests.release.xcconfig */;
			buildSettings = {
				ALWAYS_EMBED_SWIFT_STANDARD_LIBRARIES = YES;
				BUNDLE_LOADER = "$(TEST_HOST)";
				CODE_SIGN_STYLE = Automatic;
				DEVELOPMENT_TEAM = Q9DJ3245Y9;
				INFOPLIST_FILE = WolfFXTests/Info.plist;
				IPHONEOS_DEPLOYMENT_TARGET = 13.2;
				LD_RUNPATH_SEARCH_PATHS = (
					"$(inherited)",
					"@executable_path/Frameworks",
					"@loader_path/Frameworks",
				);
				PRODUCT_BUNDLE_IDENTIFIER = Ostrozhynska.WolfFXTests;
				PRODUCT_NAME = "$(TARGET_NAME)";
				SWIFT_VERSION = 5.0;
				TARGETED_DEVICE_FAMILY = "1,2";
				TEST_HOST = "$(BUILT_PRODUCTS_DIR)/WolfFX.app/WolfFX";
			};
			name = Release;
		};
		816C17F824050A1100B1551A /* Debug */ = {
			isa = XCBuildConfiguration;
			baseConfigurationReference = 41D97FDD5FE16F1EE497F444 /* Pods-WolfFXUITests.debug.xcconfig */;
			buildSettings = {
				ALWAYS_EMBED_SWIFT_STANDARD_LIBRARIES = YES;
				CODE_SIGN_STYLE = Automatic;
				DEVELOPMENT_TEAM = Q9DJ3245Y9;
				INFOPLIST_FILE = WolfFXUITests/Info.plist;
				LD_RUNPATH_SEARCH_PATHS = (
					"$(inherited)",
					"@executable_path/Frameworks",
					"@loader_path/Frameworks",
				);
				PRODUCT_BUNDLE_IDENTIFIER = Ostrozhynska.WolfFXUITests;
				PRODUCT_NAME = "$(TARGET_NAME)";
				SWIFT_VERSION = 5.0;
				TARGETED_DEVICE_FAMILY = "1,2";
				TEST_TARGET_NAME = WolfFX;
			};
			name = Debug;
		};
		816C17F924050A1100B1551A /* Release */ = {
			isa = XCBuildConfiguration;
			baseConfigurationReference = 93A4C600226894C900513681 /* Pods-WolfFXUITests.release.xcconfig */;
			buildSettings = {
				ALWAYS_EMBED_SWIFT_STANDARD_LIBRARIES = YES;
				CODE_SIGN_STYLE = Automatic;
				DEVELOPMENT_TEAM = Q9DJ3245Y9;
				INFOPLIST_FILE = WolfFXUITests/Info.plist;
				LD_RUNPATH_SEARCH_PATHS = (
					"$(inherited)",
					"@executable_path/Frameworks",
					"@loader_path/Frameworks",
				);
				PRODUCT_BUNDLE_IDENTIFIER = Ostrozhynska.WolfFXUITests;
				PRODUCT_NAME = "$(TARGET_NAME)";
				SWIFT_VERSION = 5.0;
				TARGETED_DEVICE_FAMILY = "1,2";
				TEST_TARGET_NAME = WolfFX;
			};
			name = Release;
		};
/* End XCBuildConfiguration section */

/* Begin XCConfigurationList section */
		816C17C224050A0F00B1551A /* Build configuration list for PBXProject "WolfFX" */ = {
			isa = XCConfigurationList;
			buildConfigurations = (
				816C17EF24050A1100B1551A /* Debug */,
				816C17F024050A1100B1551A /* Release */,
			);
			defaultConfigurationIsVisible = 0;
			defaultConfigurationName = Release;
		};
		816C17F124050A1100B1551A /* Build configuration list for PBXNativeTarget "WolfFX" */ = {
			isa = XCConfigurationList;
			buildConfigurations = (
				816C17F224050A1100B1551A /* Debug */,
				816C17F324050A1100B1551A /* Release */,
			);
			defaultConfigurationIsVisible = 0;
			defaultConfigurationName = Release;
		};
		816C17F424050A1100B1551A /* Build configuration list for PBXNativeTarget "WolfFXTests" */ = {
			isa = XCConfigurationList;
			buildConfigurations = (
				816C17F524050A1100B1551A /* Debug */,
				816C17F624050A1100B1551A /* Release */,
			);
			defaultConfigurationIsVisible = 0;
			defaultConfigurationName = Release;
		};
		816C17F724050A1100B1551A /* Build configuration list for PBXNativeTarget "WolfFXUITests" */ = {
			isa = XCConfigurationList;
			buildConfigurations = (
				816C17F824050A1100B1551A /* Debug */,
				816C17F924050A1100B1551A /* Release */,
			);
			defaultConfigurationIsVisible = 0;
			defaultConfigurationName = Release;
		};
/* End XCConfigurationList section */
	};
	rootObject = 816C17BF24050A0F00B1551A /* Project object */;
}
